{
  "version": 4,
  "terraform_version": "1.9.5",
  "serial": 1302,
  "lineage": "b7f78e39-d0f5-84db-874c-1a73e4f16b66",
  "outputs": {
    "k8s_private_key": {
      "value": "-----BEGIN RSA PRIVATE KEY-----\nMIIJKgIBAAKCAgEA3HCsVxvT2hsP326RAC17xPz0I8pAYNsGO0NPHw1J4z8FFLm6\n+6iudu74Pxna23IOv/5IB+RskeNDBn/26KC2r9eqZgYZlJ2S1j12sBu04Q+DaIQG\nYL47xWMud+gCKwFFixXt2t2y0gWXSraBJ+qrg7Cr1CZZ2XdcUzTM2+lmfjjpk7W7\nc1XIG0vIccdrsRLL5ujrf8WOTbG/2j0M2mRwCcD0ENTH8t25Wzz4Nv/Q0/RI6Bc8\ndM3kzM3DgaZQL87ilD8uPgKpE4c0CvomLMjrbDpI1eV9fVJEUiyxQwVDIqUECavF\nodB8vN7bVYA5RxEpwvexOGGFjP8FxwEV+k2fl5bKxeDstOukdSqzG8kDkk0tXYG+\nxrp5TMLvfGyne/i0UHGxRjskDvp7XIAsOGy8+svA9enKnQCSJ47u4jf5pasbQylG\nHWro0KI6B0HkTB5cgSHrM5hG7XkjF4phtNFEvAo0O3Ivuu6m9+sTJt7+uAIZKBQG\n1mo6UbasOedheH6jfOhYld4jD33fdjYeOozP6sf+MBi5xCv6RnIpeXS8osJmRLWV\nYrxBoviFa2JZcai5EzTtHca78mGTDhMlP2psOM8BGRfED6VLmMjih0m7O9tnI95O\nWDak+cnR8xRYDn/EPjwDkjckB6HuhH8c7Cip98bXHdCRPS8ZCcq6ufus3E8CAwEA\nAQKCAgAItTIMSNmgB9SjL1jD/d1MmpoW9deAMUwNjZWeX5CCd7apgG1jS+EEaraH\nYOvqd5bJ58S2/G4mKdONJK3qDOXajArmTSm321egZed+gmxX6EcjxZ9Y3/riy7hb\nXTYEtoqljrVezBt9vLcivj3bh/jEKCJJgZr9V6qKe49MxUCwDhXP/hb3BzWd5RWj\nGk0QlB0A30Tk6ba62UwqVfdgLc/X2srpWqEWthfV2P03HaOFU+TeDNjtsO/FAAB6\nlR7IHK809Z/2gXVmA5UUipgfycS0Tu3EoUmekzWGsiRDG6ibbD2nbM/O72TrXbmi\nptYxuVBXLCCl3lhVCa0+lLY7tShE1QrfrdHnZIw1T1qs9IZNSjkuK0HtgElNhJfa\nHenb0u93n8YIlDrrS/7jBE5aW9TbCBVHZwuyx+jGcqonBgd73KO8GlvABjICfLMh\n/0p7DukLDClo9fFPxGkgNa32lCy3CEUbZ8VzhMztGraiPoK2Qf66FEUW5DA1URBv\nCnzaZLngzw40rl6CJRE8w6gqJ3gS/U905C0RZOLl+Qajyc7xLFgR2tta4AjvRf6I\niHw7MAbmqV5IvEfgz6SnXHR2ffOJU0VvM8tK0QwVJ7VfJ7yqpmbHEfRZSgzPiZV3\nzCgo7dndmBo6A0N8KXUcV91loSPv5OTFy7l+DvT1/Ix0O0abEQKCAQEA/70y1f9i\n0ToztKhDnjhu744M3a+K1L07XAEXjaWU46FNUrqsAGUPuRjEZcdQI2oEE0LQNTSR\ni9pmKFw2allXpUO1ya/Scqk0T/aFz3a9Z5lrVX0oZjLnUwO9iPoJIMdHAMkeCUM3\ncTkPSZU2Vm/qOliIYmIFhqdh64feyeUHf2is33KpkUbp9PFuOpovRGjpbex6l6dE\nStEnStbfWbOD7QqVgQdd8tFA1OZTq1q78NPqSqv80ZAA7WQZKebJUdfij0at20cy\n/PvcL1MvhgW+fzmNrXpbOi7qqvxeuPBvhyPVsJqszNbQPg+fMBaN/ZjTPQb9twJo\nk37/uccGzMNVXwKCAQEA3KpBFG2rpkNf4QF4FFInFoJzbAfoRJX/6NTHOF67vbZi\nAu4QOWDazspwoOA3/KqCEu0udSxvVj0iWR1Ot4IF/QxM8JXXzjwl5p05tmoYSrw7\ns3+NDD5oszXzoMaohySe0VYNH0SPQ/cjpvCrFaPOneiZduOCqLGft9nVsUP9Nbjf\nZtJ378oMjwGpB3i5SvvZgxiHWBq7rWGZhC6kaVBzw9CUyx8LnvQFGB7NL4tK4RKQ\nG/M6pS2Mmq/FpjM1wzRweQpBc2L5y5t65ORhymr5PccYCdNSROKtTKarc3zffk7h\n0LKBbPz+eGVE1dDnZvPWBd2jOSgTgSXSFEVA3VBvEQKCAQEAzAnnxVU9QjFtj3Ww\nfUwJNpffLAAihBl2grFcWWcCo5rOVnMZSDdZlBRuncWn6plrJvLnq4uFlE9rskfg\nInmls/WR1JizD0hwtFu75wqVk1KUkGCLGv8CEPmq/t5+6egUfkv36uv2EB+2Ur75\n23zvJB3+soACaKyjM4fz+KECmmSpiJ2zLHWntAXsLFVX4PzTQSCrrtOFaSv2bX+C\nM89GMpl/LrLyAglx8GrT1qNNz5dEFs+hppF+K+jxKr03YlUcLbP2gj0MMUvBIQD9\nqbBrjJYes4orvwAvurwf1u3+DZRJqd2+gK/i9aEBIRzdrLeB0e8B/kGtrgBlh5OD\nmVs/gQKCAQEAnsFmnPniGnYyjsDt0UDhmlI0FC8ELgP031/mDGori+uhTBZWWdGS\n2l/O9A8ceI17k35MhER5vYOyKIbrUR8ci9fDqvtDDb88TVQkZ1ahL3OJSDSmF372\n+KgCJVOHf+Ma1+SfADXlFLLDVaGklKcLSZREhMJeCFvyWuU/1o7hpzrgjysw2rV0\nn5ZEM3npZUcYUDbfeMWS7MRhHDYqVxJolyKDSjeFttA8sgPG/0OplZAzWch+EsRY\nehmni1EghtY9bPex6v/0U0YC/pZIvMaFlqqcYsVEVQb4Q0NN6oKWkFrUH7+tWeoS\nci/5fBMVyH35JrM0cTSiA7JgF/FTH2Z04QKCAQEAqEl1KJfgsF9ssseJg1i4ZNo4\nNcGSvLjivE/pCQvXrA8DT0hC+a6a7zPWTVpO0EwUbYeS6baofH/8FdW0n9FmfFUR\nPRnL2E5PwG1BXGLoItPojiLSr99Ak/z7eeQfCHdX8WBAZlAG85AfcBEfbO84c6W8\n5X8Q/Pzdqt28aUx9U2ma0mF3qlMO60DqRUec320LpwfOx6iZUglR5soLXC/SAX/u\naMUFF5KElS7E91dyWpFxxCrIsXuXQrIFQsm+vf2g9OGG7GOZeED+RcHgShBv/pPO\n14/xXIaNzKU0pdJYxZXFxXmybl5Hi+SpjHGeb2dtgcBB6Bp+/0wc645MZ3eB8g==\n-----END RSA PRIVATE KEY-----\n",
      "type": "string",
      "sensitive": true
    },
    "master_public_ip": {
      "value": "13.127.61.60",
      "type": "string"
    },
    "private_key": {
      "value": "-----BEGIN RSA PRIVATE KEY-----\nMIIJKQIBAAKCAgEA42hB+NClp1LoIdKS3xN8p2cSrBSuihz7Vet8TrqIAereLfDv\nzriRmM+EpWEwE4uoOVYzjhZgbmriWSKKb5q2xMwl0O+y6ZkRtvZbbUsTF+C1XXVQ\nBp3w49trD/f7EFZzsqJ3rvoWfeesQiYBCJWndGUfukD0+M2hfwdlQZLn3gxEOx4I\ntZbtdwF5+85ujhECXXbxIatMI4hehp6LZZZpzyQmhpDhTh09s7H0tNpVeotTGhYg\nOX1DAHZBe9fUERcjQ2sCrUDZnK3DFotMxlgGcWI4CGk3OSZpOcDHpj+/xZtcz5sv\nUVjMLp5ONg4DhFULpuhErEa8LyKe//4sELxkL+JkGi+Qmvm/WI3kQ5+1T8zVIr9S\npp0r6f9tZxGXYf/wCpaqd/KypgVLvbVbDUiUYXxSxpo6JMIzAEiCLWB1ZkhBn3wA\nnss1Q2Y6gspO916Cat5wZCjR1MCRvN4VjNoYbMjDwrR+rBwtZ6mSfltTUUbCzm6S\nmzSH4Op0nNgtrxukP4e/BQ5vTAFgvTuF34tCMsHunyV9OmjDJ6K7VIrwADi2jdR/\nPMFDrt+lcp8XirILDg8K0+cdH6bnJBXEUKzyIQtEhSxq/FQcupGVTOxCJA89JV6j\nq9XpMSOgZm4QGDEeAJ8lb5N5IP07AFJC19vw6gPTgPJBgs03ef9PLjBMR2sCAwEA\nAQKCAgATibLsAbZ5zccL64pFiD2+1D2Sc08bpqnME/4LdZNB4ZVSinolX04tvDE/\n/uhL2u/fx+beClDMASWOqvJh7FT6S4qO4kk+MLHeRQRN5j6vCoC1QDhZQ9tHzbjr\nwk6GdNGz7f7XwGeLobVMaZ96cVaAdZUS7N8fO+uS0maCCnEexBxd8pKk/LaiRt+I\nIZBLZxgLl7CCnV5enyof6Xc93yfFbZcHG2OAJpr/2VuWPjv3L16QcIjhkkAzcKA9\nAlTCCHmLIqKJkszKMqj+7YZHHuukH4rY43v5zlxeuJAZWdjMItuyf+QXhR2Qfna8\ncNp0gCoOyQiSv0Zjy6xa1NJMYyM9oHamvnceE4qNmiH70uFMeMsQM3jjfqf8jIZS\nzhIbzb966xExL3cHWNsv1ztWexfkDx0H7710XMcHxU97CQewP/S2DYrobxtO29t/\nzXcuvBX4V8M0ASK4S+6kFLoHHyqeGg99CNau8t88TmGB38Yc2wrQSEyIO4j2l0ND\ntxm0tBzxThMKSwyb/JlY0N5zpolw8c6RO9x9rKOAL4XqUK8FHn4WnBXgFCmIuFnj\nz+UBiRNt7qpHEjANlSP6X2TCQbMdJRw35VsXy625Yb/sQrlzEnY1P6kw42HB0Q0/\neR7t8zJc/zBIwtePjhVooeBO99gq6VJNIl+sugtCbTJ3Bs2NgQKCAQEA5rXL5jHl\nvzdEVdFiS+TRF8QZ6L/AI4o8ZSp/Pqd0tF2Ypc4tQQ/PwsIMegNeEOGekfKTDYEm\ncki0Mo/K+5FlvhN3Z2xXAqneiVeNf3EBy20rKAgD/MdMbNLPUse2GLxmVOOS9ROx\nQUxJj+YPD7BM8hnejnyoZaJg3G1EpG4ACOt8J9Fm82gwgcrJSuYo4uahJmfJODyM\nQiqggh49Eww+aGVsVUtib2+4XLz5U75xfr/wrtXwgIhBDmBkuiuHHxF3vk99b08I\n94FGgRGecROBrORKk2I3rB+GTNakz8HGbpKXOfbKKDobbrgROBswGQva/aTjLfqN\nW9GP6isNd1Zo2wKCAQEA/FXGgbkRfkbMp+BqaVgh3OpQQUbeX2gQc4P7U2k0Kr+T\ntjxNkuRM5jgQx+Xh97JQoXXi1DEEZNtcEvMoHVsfp3oVToyc7JCUH8PQkr+UT+Iv\n31jeELLe9FEkzFCDWRLrgZ/4U2e3UFKybPG2WE6azHX8Z0r3mBoVK7V+KgumcWWH\nCp6czFTtXzbleN8JyK3qNUhCJSB7TKwxJsMT5REj8zWuKJ1TKitl6BYNjSUFZ3GX\n2uSMRJ0AysU1ahBggi0Yd+ACg6/fabFZiWSNcaXLAP49hTBVdphEkN/rZj56pIXy\ncrPz5sakTrHpnkO+qztBwaA6gBpiDqXofFZPtM/YsQKCAQA9naoCJatlYT5H6S7m\ndAr/3OjKh4OqOj4dCreHJTP/A8xD5AekC7QCIM8yOvoBajBubCmn/qkk9pPhuROO\nEmvo0swd/ApU9McxSQfKVIUVLmfLPjDKbvPTUI38XsgcXRy7aTgTahn6BYTUAK5f\nE0fJlO0igtp6ol5aIHinrZUmzLWQ8NUdBuOFloIiFcwvpUa+uhM8iLcw6K+LcMYA\n81ErkoLXWNXGS0Eiy3mPSxqGrn56QzsDKOCvFUFxkzR4MLMZSaOHecU8TPNmfy0g\nqAQHB8V/DUkvGBBHL0A/GFKFr3LiES42hiZTcKdwo5o55jerbEEcQ4FDV3mnIa5s\nA9DnAoIBAQDCT78sN/qLljOU9xCajJ6PAvTIP62QJI++lJzd736XiK1TwP4vppS9\nF+F8Pb8TwgGrRB9nLVPn4q/1e7+hU4F9s1pjAY758J/QEjc0OkkYduJMiJ+Alm1w\nEGhY2Ys79YDbcfeFKrIULYpusHetauJznku+sxEU1MkGvp0n/Y6vdfJWsCuogaHF\nF33/5SkgmyRm4XzmICwyr8qtwb05QUjAyc6SQgw/xemUnh7TWPXfYa8BhcuqLojk\nnJZ0VaYruFRGQ39MLwvI1SRQ09jD8lrwKdfwD3dQexMZyQT52BUTSn6X65FfXgo6\n+3AeSqayL1CErUE/UpG+G+56iPCaGRARAoIBAQDOjGpp3OGD9Idk5rdEQm1BaPN2\nq6XcgkQMEJNsHZf2dglFG5BZXil1PgHtZnJl0v+a34gnN2nT+GDSdPRG5+UToZGa\np5qpsyOvpfKHkXwjlkIPDv4q+D/9mJC1nBYm7JJwdftpxqobhHqoP7id0s0srG+f\nYpUBZ6dOLqLB0CQiPfXmctpongEKNd7m1FsLlZk8ioEx2fUYdlajCUYeIh6mIgVZ\nuQYc2s/kphirV6CnwYo4wLPBmB5d8vBKkbfLPrhGNnhO09gNz5J+CEsriQg6l9x6\nlhBJYwtDI0HHqqnd99c9kvcn7Gxz7FdYLBBcEIzJemOP35RIPAddCWTtQr6n\n-----END RSA PRIVATE KEY-----\n",
      "type": "string",
      "sensitive": true
    },
    "workers_public_ips": {
      "value": [
        "65.0.205.86",
        "13.233.13.51",
        "65.0.4.81",
        "13.233.124.21"
      ],
      "type": [
        "tuple",
        [
          "string",
          "string",
          "string",
          "string"
        ]
      ]
    }
  },
  "resources": [
    {
      "mode": "data",
      "type": "aws_ami",
      "name": "ubuntu",
      "provider": "provider[\"registry.terraform.io/hashicorp/aws\"]",
      "instances": [
        {
          "schema_version": 0,
          "attributes": {
            "architecture": "x86_64",
            "arn": "arn:aws:ec2:ap-south-1::image/ami-06cc5ebfb8571a147",
            "block_device_mappings": [
              {
                "device_name": "/dev/sda1",
                "ebs": {
                  "delete_on_termination": "true",
                  "encrypted": "false",
                  "iops": "0",
                  "snapshot_id": "snap-00ceaac6accfcd698",
                  "throughput": "0",
                  "volume_size": "8",
                  "volume_type": "gp2"
                },
                "no_device": "",
                "virtual_name": ""
              },
              {
                "device_name": "/dev/sdb",
                "ebs": {},
                "no_device": "",
                "virtual_name": "ephemeral0"
              },
              {
                "device_name": "/dev/sdc",
                "ebs": {},
                "no_device": "",
                "virtual_name": "ephemeral1"
              }
            ],
            "boot_mode": "legacy-bios",
            "creation_date": "2025-06-25T05:32:35.000Z",
            "deprecation_time": "2027-06-25T05:32:35.000Z",
            "description": "Canonical, Ubuntu, 20.04, amd64 focal image",
            "ena_support": true,
            "executable_users": null,
            "filter": [
              {
                "name": "name",
                "values": [
                  "ubuntu/images/hvm-ssd/ubuntu-focal-20.04-amd64-server-*"
                ]
              },
              {
                "name": "virtualization-type",
                "values": [
                  "hvm"
                ]
              }
            ],
            "hypervisor": "xen",
            "id": "ami-06cc5ebfb8571a147",
            "image_id": "ami-06cc5ebfb8571a147",
            "image_location": "amazon/ubuntu/images/hvm-ssd/ubuntu-focal-20.04-amd64-server-20250624",
            "image_owner_alias": "amazon",
            "image_type": "machine",
            "imds_support": "",
            "include_deprecated": false,
            "kernel_id": "",
            "most_recent": true,
            "name": "ubuntu/images/hvm-ssd/ubuntu-focal-20.04-amd64-server-20250624",
            "name_regex": null,
            "owner_id": "099720109477",
            "owners": [
              "099720109477"
            ],
            "platform": "",
            "platform_details": "Linux/UNIX",
            "product_codes": [],
            "public": true,
            "ramdisk_id": "",
            "root_device_name": "/dev/sda1",
            "root_device_type": "ebs",
            "root_snapshot_id": "snap-00ceaac6accfcd698",
            "sriov_net_support": "simple",
            "state": "available",
            "state_reason": {
              "code": "UNSET",
              "message": "UNSET"
            },
            "tags": {},
            "timeouts": null,
            "tpm_support": "",
            "usage_operation": "RunInstances",
            "virtualization_type": "hvm"
          },
          "sensitive_attributes": []
        }
      ]
    },
    {
      "mode": "data",
      "type": "aws_caller_identity",
      "name": "current",
      "provider": "provider[\"registry.terraform.io/hashicorp/aws\"]",
      "instances": [
        {
          "schema_version": 0,
          "attributes": {
            "account_id": "551635290487",
            "arn": "arn:aws:iam::551635290487:user/Nayan",
            "id": "551635290487",
            "user_id": "AIDAYA4AGRF3SXYHLK2LD"
          },
          "sensitive_attributes": []
        }
      ]
    },
    {
      "mode": "data",
      "type": "aws_iam_policy_document",
      "name": "ec2_assume_role_policy",
      "provider": "provider[\"registry.terraform.io/hashicorp/aws\"]",
      "instances": [
        {
          "schema_version": 0,
          "attributes": {
            "id": "1903849331",
            "json": "{\n  \"Version\": \"2012-10-17\",\n  \"Statement\": [\n    {\n      \"Sid\": \"\",\n      \"Effect\": \"Allow\",\n      \"Action\": \"sts:AssumeRole\",\n      \"Principal\": {\n        \"Service\": \"ec2.amazonaws.com\"\n      }\n    }\n  ]\n}",
            "override_json": null,
            "override_policy_documents": null,
            "policy_id": null,
            "source_json": null,
            "source_policy_documents": null,
            "statement": [
              {
                "actions": [
                  "sts:AssumeRole"
                ],
                "condition": [],
                "effect": "Allow",
                "not_actions": [],
                "not_principals": [],
                "not_resources": [],
                "principals": [
                  {
                    "identifiers": [
                      "ec2.amazonaws.com"
                    ],
                    "type": "Service"
                  }
                ],
                "resources": [],
                "sid": ""
              }
            ],
            "version": "2012-10-17"
          },
          "sensitive_attributes": []
        }
      ]
    },
    {
      "mode": "managed",
      "type": "aws_iam_instance_profile",
      "name": "master_ssm_profile",
      "provider": "provider[\"registry.terraform.io/hashicorp/aws\"]",
      "instances": [
        {
          "schema_version": 0,
          "attributes": {
            "arn": "arn:aws:iam::551635290487:instance-profile/k8s-master-ssm-profile",
            "create_date": "2025-10-03T05:43:00Z",
            "id": "k8s-master-ssm-profile",
            "name": "k8s-master-ssm-profile",
            "name_prefix": "",
            "path": "/",
            "role": "k8s-master-ssm-role",
            "tags": null,
            "tags_all": {},
            "unique_id": "AIPAYA4AGRF343MNLXLMX"
          },
          "sensitive_attributes": [],
          "private": "bnVsbA==",
          "dependencies": [
            "aws_iam_role.master_ssm_role",
            "data.aws_iam_policy_document.ec2_assume_role_policy"
          ]
        }
      ]
    },
    {
      "mode": "managed",
      "type": "aws_iam_instance_profile",
      "name": "worker_ssm_profile",
      "provider": "provider[\"registry.terraform.io/hashicorp/aws\"]",
      "instances": [
        {
          "schema_version": 0,
          "attributes": {
            "arn": "arn:aws:iam::551635290487:instance-profile/k8s-worker-ssm-profile",
            "create_date": "2025-10-03T05:43:00Z",
            "id": "k8s-worker-ssm-profile",
            "name": "k8s-worker-ssm-profile",
            "name_prefix": "",
            "path": "/",
            "role": "k8s-worker-ssm-role",
            "tags": null,
            "tags_all": {},
            "unique_id": "AIPAYA4AGRF3YOPU5KKAB"
          },
          "sensitive_attributes": [],
          "private": "bnVsbA==",
          "dependencies": [
            "aws_iam_role.worker_ssm_role",
            "data.aws_iam_policy_document.ec2_assume_role_policy"
          ]
        }
      ]
    },
    {
      "mode": "managed",
      "type": "aws_iam_policy",
      "name": "s3_read_policy",
      "provider": "provider[\"registry.terraform.io/hashicorp/aws\"]",
      "instances": [
        {
          "schema_version": 0,
          "attributes": {
            "arn": "arn:aws:iam::551635290487:policy/k8s-master-s3-read-policy",
            "description": "",
            "id": "arn:aws:iam::551635290487:policy/k8s-master-s3-read-policy",
            "name": "k8s-master-s3-read-policy",
            "name_prefix": "",
            "path": "/",
            "policy": "{\"Statement\":[{\"Action\":[\"s3:GetObject\",\"s3:ListBucket\"],\"Effect\":\"Allow\",\"Resource\":[\"arn:aws:s3:::my-metric-bucket\",\"arn:aws:s3:::my-metric-bucket/*\"]}],\"Version\":\"2012-10-17\"}",
            "policy_id": "ANPAYA4AGRF3RNJZX5HY3",
            "tags": null,
            "tags_all": {}
          },
          "sensitive_attributes": [],
          "private": "bnVsbA=="
        }
      ]
    },
    {
      "mode": "managed",
      "type": "aws_iam_role",
      "name": "master_ssm_role",
      "provider": "provider[\"registry.terraform.io/hashicorp/aws\"]",
      "instances": [
        {
          "schema_version": 0,
          "attributes": {
            "arn": "arn:aws:iam::551635290487:role/k8s-master-ssm-role",
            "assume_role_policy": "{\"Statement\":[{\"Action\":\"sts:AssumeRole\",\"Effect\":\"Allow\",\"Principal\":{\"Service\":\"ec2.amazonaws.com\"},\"Sid\":\"\"}],\"Version\":\"2012-10-17\"}",
            "create_date": "2025-10-03T05:42:59Z",
            "description": "",
            "force_detach_policies": false,
            "id": "k8s-master-ssm-role",
            "inline_policy": [],
            "managed_policy_arns": [],
            "max_session_duration": 3600,
            "name": "k8s-master-ssm-role",
            "name_prefix": "",
            "path": "/",
            "permissions_boundary": null,
            "role_last_used": [
              {
                "last_used_date": "",
                "region": ""
              }
            ],
            "tags": null,
            "tags_all": {},
            "unique_id": "AROAYA4AGRF3ZCQYWSGJQ"
          },
          "sensitive_attributes": [],
          "private": "bnVsbA==",
          "dependencies": [
            "data.aws_iam_policy_document.ec2_assume_role_policy"
          ]
        }
      ]
    },
    {
      "mode": "managed",
      "type": "aws_iam_role",
      "name": "worker_ssm_role",
      "provider": "provider[\"registry.terraform.io/hashicorp/aws\"]",
      "instances": [
        {
          "schema_version": 0,
          "attributes": {
            "arn": "arn:aws:iam::551635290487:role/k8s-worker-ssm-role",
            "assume_role_policy": "{\"Statement\":[{\"Action\":\"sts:AssumeRole\",\"Effect\":\"Allow\",\"Principal\":{\"Service\":\"ec2.amazonaws.com\"},\"Sid\":\"\"}],\"Version\":\"2012-10-17\"}",
            "create_date": "2025-10-03T05:42:58Z",
            "description": "",
            "force_detach_policies": false,
            "id": "k8s-worker-ssm-role",
            "inline_policy": [],
            "managed_policy_arns": [],
            "max_session_duration": 3600,
            "name": "k8s-worker-ssm-role",
            "name_prefix": "",
            "path": "/",
            "permissions_boundary": null,
            "role_last_used": [
              {
                "last_used_date": "",
                "region": ""
              }
            ],
            "tags": null,
            "tags_all": {},
            "unique_id": "AROAYA4AGRF3QG7XHOFJW"
          },
          "sensitive_attributes": [],
          "private": "bnVsbA==",
          "dependencies": [
            "data.aws_iam_policy_document.ec2_assume_role_policy"
          ]
        }
      ]
    },
    {
      "mode": "managed",
      "type": "aws_iam_role_policy",
      "name": "master_ssm_policy",
      "provider": "provider[\"registry.terraform.io/hashicorp/aws\"]",
      "instances": [
        {
          "schema_version": 0,
          "attributes": {
            "id": "k8s-master-ssm-role:k8s-master-ssm-policy",
            "name": "k8s-master-ssm-policy",
            "name_prefix": null,
            "policy": "{\"Version\":\"2012-10-17\",\"Statement\":[{\"Action\":[\"ssm:PutParameter\"],\"Effect\":\"Allow\",\"Resource\":[\"arn:aws:ssm:ap-south-1:551635290487:parameter/k8s/join-command\"]}]}",
            "role": "k8s-master-ssm-role"
          },
          "sensitive_attributes": [],
          "private": "bnVsbA==",
          "dependencies": [
            "aws_iam_role.master_ssm_role",
            "data.aws_caller_identity.current",
            "data.aws_iam_policy_document.ec2_assume_role_policy"
          ]
        }
      ]
    },
    {
      "mode": "managed",
      "type": "aws_iam_role_policy",
      "name": "worker_ssm_policy",
      "provider": "provider[\"registry.terraform.io/hashicorp/aws\"]",
      "instances": [
        {
          "schema_version": 0,
          "attributes": {
            "id": "k8s-worker-ssm-role:k8s-worker-ssm-policy",
            "name": "k8s-worker-ssm-policy",
            "name_prefix": null,
            "policy": "{\"Version\":\"2012-10-17\",\"Statement\":[{\"Action\":[\"ssm:GetParameter\"],\"Effect\":\"Allow\",\"Resource\":[\"arn:aws:ssm:ap-south-1:551635290487:parameter/k8s/join-command\"]}]}",
            "role": "k8s-worker-ssm-role"
          },
          "sensitive_attributes": [],
          "private": "bnVsbA==",
          "dependencies": [
            "aws_iam_role.worker_ssm_role",
            "data.aws_caller_identity.current",
            "data.aws_iam_policy_document.ec2_assume_role_policy"
          ]
        }
      ]
    },
    {
      "mode": "managed",
      "type": "aws_iam_role_policy_attachment",
      "name": "attach_s3_read_policy_to_master_ssm_role",
      "provider": "provider[\"registry.terraform.io/hashicorp/aws\"]",
      "instances": [
        {
          "schema_version": 0,
          "attributes": {
            "id": "k8s-master-ssm-role-20251003054259660100000003",
            "policy_arn": "arn:aws:iam::551635290487:policy/k8s-master-s3-read-policy",
            "role": "k8s-master-ssm-role"
          },
          "sensitive_attributes": [],
          "private": "bnVsbA==",
          "dependencies": [
            "aws_iam_policy.s3_read_policy",
            "aws_iam_role.master_ssm_role",
            "data.aws_iam_policy_document.ec2_assume_role_policy"
          ]
        }
      ]
    },
    {
      "mode": "managed",
      "type": "aws_instance",
      "name": "master",
      "provider": "provider[\"registry.terraform.io/hashicorp/aws\"]",
      "instances": [
        {
          "schema_version": 1,
          "attributes": {
            "ami": "ami-06cc5ebfb8571a147",
            "arn": "arn:aws:ec2:ap-south-1:551635290487:instance/i-07f7e2111d9d2f1e0",
            "associate_public_ip_address": true,
            "availability_zone": "ap-south-1a",
            "capacity_reservation_specification": [
              {
                "capacity_reservation_preference": "open",
                "capacity_reservation_target": []
              }
            ],
            "cpu_core_count": 1,
            "cpu_options": [
              {
                "amd_sev_snp": "",
                "core_count": 1,
                "threads_per_core": 2
              }
            ],
            "cpu_threads_per_core": 2,
            "credit_specification": [
              {
                "cpu_credits": "unlimited"
              }
            ],
            "disable_api_stop": false,
            "disable_api_termination": false,
            "ebs_block_device": [],
            "ebs_optimized": false,
            "enclave_options": [
              {
                "enabled": false
              }
            ],
            "ephemeral_block_device": [],
            "get_password_data": false,
            "hibernation": false,
            "host_id": "",
            "host_resource_group_arn": null,
            "iam_instance_profile": "k8s-master-ssm-profile",
            "id": "i-07f7e2111d9d2f1e0",
            "instance_initiated_shutdown_behavior": "stop",
            "instance_state": "running",
            "instance_type": "t3.medium",
            "ipv6_address_count": 0,
            "ipv6_addresses": [],
            "key_name": "k8s-key",
            "launch_template": [],
            "maintenance_options": [
              {
                "auto_recovery": "default"
              }
            ],
            "metadata_options": [
              {
                "http_endpoint": "enabled",
                "http_put_response_hop_limit": 1,
                "http_tokens": "optional",
                "instance_metadata_tags": "disabled"
              }
            ],
            "monitoring": false,
            "network_interface": [],
            "outpost_arn": "",
            "password_data": "",
            "placement_group": "",
            "placement_partition_number": 0,
            "primary_network_interface_id": "eni-0e7606edb27e85769",
            "private_dns": "ip-10-10-1-175.ap-south-1.compute.internal",
            "private_dns_name_options": [
              {
                "enable_resource_name_dns_a_record": false,
                "enable_resource_name_dns_aaaa_record": false,
                "hostname_type": "ip-name"
              }
            ],
            "private_ip": "10.10.1.175",
            "public_dns": "",
            "public_ip": "13.127.61.60",
            "root_block_device": [
              {
                "delete_on_termination": true,
                "device_name": "/dev/sda1",
                "encrypted": false,
                "iops": 100,
                "kms_key_id": "",
                "tags": {},
                "throughput": 0,
                "volume_id": "vol-037db272c1ed8f48a",
                "volume_size": 8,
                "volume_type": "gp2"
              }
            ],
            "secondary_private_ips": [],
            "security_groups": [],
            "source_dest_check": true,
            "subnet_id": "subnet-028bf653be91b0113",
            "tags": {
              "Name": "k8s-master"
            },
            "tags_all": {
              "Name": "k8s-master"
            },
            "tenancy": "default",
            "timeouts": null,
            "user_data": "53e6293b4d89f323ceb2e4a092ed8e0cc593812f",
            "user_data_base64": null,
            "user_data_replace_on_change": false,
            "volume_tags": null,
            "vpc_security_group_ids": [
              "sg-00a11fb7553986c11"
            ]
          },
          "sensitive_attributes": [],
          "private": "eyJlMmJmYjczMC1lY2FhLTExZTYtOGY4OC0zNDM2M2JjN2M0YzAiOnsiY3JlYXRlIjo2MDAwMDAwMDAwMDAsImRlbGV0ZSI6MTIwMDAwMDAwMDAwMCwidXBkYXRlIjo2MDAwMDAwMDAwMDB9LCJzY2hlbWFfdmVyc2lvbiI6IjEifQ==",
          "dependencies": [
            "aws_iam_instance_profile.master_ssm_profile",
            "aws_iam_role.master_ssm_role",
            "aws_key_pair.k8s",
            "aws_security_group.k8s",
            "aws_subnet.k8s",
            "aws_vpc.k8s",
            "data.aws_ami.ubuntu",
            "data.aws_iam_policy_document.ec2_assume_role_policy",
            "tls_private_key.key-k8s"
          ]
        }
      ]
    },
    {
      "mode": "managed",
      "type": "aws_instance",
      "name": "my_jenkins",
      "provider": "provider[\"registry.terraform.io/hashicorp/aws\"]",
      "instances": [
        {
          "schema_version": 1,
          "attributes": {
            "ami": "ami-06cc5ebfb8571a147",
            "arn": "arn:aws:ec2:ap-south-1:551635290487:instance/i-020471821244c5dde",
            "associate_public_ip_address": true,
            "availability_zone": "ap-south-1a",
            "capacity_reservation_specification": [
              {
                "capacity_reservation_preference": "open",
                "capacity_reservation_target": []
              }
            ],
            "cpu_core_count": 1,
            "cpu_options": [
              {
                "amd_sev_snp": "",
                "core_count": 1,
                "threads_per_core": 2
              }
            ],
            "cpu_threads_per_core": 2,
            "credit_specification": [
              {
                "cpu_credits": "unlimited"
              }
            ],
            "disable_api_stop": false,
            "disable_api_termination": false,
            "ebs_block_device": [],
            "ebs_optimized": false,
            "enclave_options": [
              {
                "enabled": false
              }
            ],
            "ephemeral_block_device": [],
            "get_password_data": false,
            "hibernation": false,
            "host_id": "",
            "host_resource_group_arn": null,
            "iam_instance_profile": "k8s-master-ssm-profile",
            "id": "i-020471821244c5dde",
            "instance_initiated_shutdown_behavior": "stop",
            "instance_state": "running",
            "instance_type": "t3.medium",
            "ipv6_address_count": 0,
            "ipv6_addresses": [],
            "key_name": "k8s-key",
            "launch_template": [],
            "maintenance_options": [
              {
                "auto_recovery": "default"
              }
            ],
            "metadata_options": [
              {
                "http_endpoint": "enabled",
                "http_put_response_hop_limit": 1,
                "http_tokens": "optional",
                "instance_metadata_tags": "disabled"
              }
            ],
            "monitoring": false,
            "network_interface": [],
            "outpost_arn": "",
            "password_data": "",
            "placement_group": "",
            "placement_partition_number": 0,
            "primary_network_interface_id": "eni-02621cad0da0c947d",
            "private_dns": "ip-10-10-1-60.ap-south-1.compute.internal",
            "private_dns_name_options": [
              {
                "enable_resource_name_dns_a_record": false,
                "enable_resource_name_dns_aaaa_record": false,
                "hostname_type": "ip-name"
              }
            ],
            "private_ip": "10.10.1.60",
            "public_dns": "",
            "public_ip": "13.201.26.248",
            "root_block_device": [
              {
                "delete_on_termination": true,
                "device_name": "/dev/sda1",
                "encrypted": false,
                "iops": 100,
                "kms_key_id": "",
                "tags": {},
                "throughput": 0,
                "volume_id": "vol-020d2a24d6938d6de",
                "volume_size": 8,
                "volume_type": "gp2"
              }
            ],
            "secondary_private_ips": [],
            "security_groups": [],
            "source_dest_check": true,
            "subnet_id": "subnet-028bf653be91b0113",
            "tags": {
              "Name": "my-jenkins"
            },
            "tags_all": {
              "Name": "my-jenkins"
            },
            "tenancy": "default",
            "timeouts": null,
            "user_data": "832a3a9a6e88be3c03c3184af0853b5364a367e0",
            "user_data_base64": null,
            "user_data_replace_on_change": false,
            "volume_tags": null,
            "vpc_security_group_ids": [
              "sg-00a11fb7553986c11"
            ]
          },
          "sensitive_attributes": [],
          "private": "eyJlMmJmYjczMC1lY2FhLTExZTYtOGY4OC0zNDM2M2JjN2M0YzAiOnsiY3JlYXRlIjo2MDAwMDAwMDAwMDAsImRlbGV0ZSI6MTIwMDAwMDAwMDAwMCwidXBkYXRlIjo2MDAwMDAwMDAwMDB9LCJzY2hlbWFfdmVyc2lvbiI6IjEifQ==",
          "dependencies": [
            "aws_iam_instance_profile.master_ssm_profile",
            "aws_iam_role.master_ssm_role",
            "aws_key_pair.k8s",
            "aws_security_group.k8s",
            "aws_subnet.k8s",
            "aws_vpc.k8s",
            "data.aws_ami.ubuntu",
            "data.aws_iam_policy_document.ec2_assume_role_policy",
            "tls_private_key.key-k8s"
          ]
        }
      ]
    },
    {
      "mode": "managed",
      "type": "aws_instance",
      "name": "newinstance",
      "provider": "provider[\"registry.terraform.io/hashicorp/aws\"]",
      "instances": [
        {
          "schema_version": 1,
          "attributes": {
            "ami": "ami-02d26659fd82cf299",
            "arn": "arn:aws:ec2:ap-south-1:551635290487:instance/i-073a607a169c52c57",
            "associate_public_ip_address": true,
            "availability_zone": "ap-south-1b",
            "capacity_reservation_specification": [
              {
                "capacity_reservation_preference": "open",
                "capacity_reservation_target": []
              }
            ],
            "cpu_core_count": 1,
            "cpu_options": [
              {
                "amd_sev_snp": "",
                "core_count": 1,
                "threads_per_core": 1
              }
            ],
            "cpu_threads_per_core": 1,
            "credit_specification": [
              {
                "cpu_credits": "standard"
              }
            ],
            "disable_api_stop": false,
            "disable_api_termination": false,
            "ebs_block_device": [],
            "ebs_optimized": false,
            "enclave_options": [
              {
                "enabled": false
              }
            ],
            "ephemeral_block_device": [],
            "get_password_data": false,
            "hibernation": false,
            "host_id": "",
            "host_resource_group_arn": null,
            "iam_instance_profile": "",
            "id": "i-073a607a169c52c57",
            "instance_initiated_shutdown_behavior": "stop",
            "instance_state": "running",
            "instance_type": "t2.micro",
            "ipv6_address_count": 0,
            "ipv6_addresses": [],
            "key_name": "deployer-key",
            "launch_template": [],
            "maintenance_options": [
              {
                "auto_recovery": "default"
              }
            ],
            "metadata_options": [
              {
                "http_endpoint": "enabled",
                "http_put_response_hop_limit": 2,
                "http_tokens": "required",
                "instance_metadata_tags": "disabled"
              }
            ],
            "monitoring": false,
            "network_interface": [],
            "outpost_arn": "",
            "password_data": "",
            "placement_group": "",
            "placement_partition_number": 0,
            "primary_network_interface_id": "eni-0429288fa940729ec",
            "private_dns": "ip-172-31-10-56.ap-south-1.compute.internal",
            "private_dns_name_options": [
              {
                "enable_resource_name_dns_a_record": false,
                "enable_resource_name_dns_aaaa_record": false,
                "hostname_type": "ip-name"
              }
            ],
            "private_ip": "172.31.10.56",
            "public_dns": "ec2-35-154-167-18.ap-south-1.compute.amazonaws.com",
            "public_ip": "35.154.167.18",
            "root_block_device": [
              {
                "delete_on_termination": true,
                "device_name": "/dev/sda1",
                "encrypted": false,
                "iops": 3000,
                "kms_key_id": "",
                "tags": {},
                "throughput": 125,
                "volume_id": "vol-0e76057b027cc638b",
                "volume_size": 8,
                "volume_type": "gp3"
              }
            ],
            "secondary_private_ips": [],
            "security_groups": [
              "default"
            ],
            "source_dest_check": true,
            "subnet_id": "subnet-06c762c7d7600d3dd",
            "tags": {
              "Name": "MyFirstInstance"
            },
            "tags_all": {
              "Name": "MyFirstInstance"
            },
            "tenancy": "default",
            "timeouts": null,
            "user_data": "886b2e9b79b3dfbfe761eb1922a84d50228eb130",
            "user_data_base64": null,
            "user_data_replace_on_change": false,
            "volume_tags": null,
            "vpc_security_group_ids": [
              "sg-0f204f63a9a7ad493"
            ]
          },
          "sensitive_attributes": [],
          "private": "eyJlMmJmYjczMC1lY2FhLTExZTYtOGY4OC0zNDM2M2JjN2M0YzAiOnsiY3JlYXRlIjo2MDAwMDAwMDAwMDAsImRlbGV0ZSI6MTIwMDAwMDAwMDAwMCwidXBkYXRlIjo2MDAwMDAwMDAwMDB9LCJzY2hlbWFfdmVyc2lvbiI6IjEifQ==",
          "dependencies": [
            "aws_key_pair.deployer",
            "tls_private_key.mykey"
          ]
        }
      ]
    },
    {
      "mode": "managed",
      "type": "aws_instance",
      "name": "worker",
      "provider": "provider[\"registry.terraform.io/hashicorp/aws\"]",
      "instances": [
        {
          "index_key": 0,
          "schema_version": 1,
          "attributes": {
            "ami": "ami-06cc5ebfb8571a147",
            "arn": "arn:aws:ec2:ap-south-1:551635290487:instance/i-048b4d3fe38637489",
            "associate_public_ip_address": true,
            "availability_zone": "ap-south-1a",
            "capacity_reservation_specification": [
              {
                "capacity_reservation_preference": "open",
                "capacity_reservation_target": []
              }
            ],
            "cpu_core_count": 1,
            "cpu_options": [
              {
                "amd_sev_snp": "",
                "core_count": 1,
                "threads_per_core": 2
              }
            ],
            "cpu_threads_per_core": 2,
            "credit_specification": [
              {
                "cpu_credits": "unlimited"
              }
            ],
            "disable_api_stop": false,
            "disable_api_termination": false,
            "ebs_block_device": [],
            "ebs_optimized": false,
            "enclave_options": [
              {
                "enabled": false
              }
            ],
            "ephemeral_block_device": [],
            "get_password_data": false,
            "hibernation": false,
            "host_id": "",
            "host_resource_group_arn": null,
            "iam_instance_profile": "k8s-worker-ssm-profile",
            "id": "i-048b4d3fe38637489",
            "instance_initiated_shutdown_behavior": "stop",
            "instance_state": "running",
            "instance_type": "t3.medium",
            "ipv6_address_count": 0,
            "ipv6_addresses": [],
            "key_name": "k8s-key",
            "launch_template": [],
            "maintenance_options": [
              {
                "auto_recovery": "default"
              }
            ],
            "metadata_options": [
              {
                "http_endpoint": "enabled",
                "http_put_response_hop_limit": 1,
                "http_tokens": "optional",
                "instance_metadata_tags": "disabled"
              }
            ],
            "monitoring": false,
            "network_interface": [],
            "outpost_arn": "",
            "password_data": "",
            "placement_group": "",
            "placement_partition_number": 0,
            "primary_network_interface_id": "eni-004527b6c07e21d08",
            "private_dns": "ip-10-10-1-217.ap-south-1.compute.internal",
            "private_dns_name_options": [
              {
                "enable_resource_name_dns_a_record": false,
                "enable_resource_name_dns_aaaa_record": false,
                "hostname_type": "ip-name"
              }
            ],
            "private_ip": "10.10.1.217",
            "public_dns": "",
            "public_ip": "65.0.205.86",
            "root_block_device": [
              {
                "delete_on_termination": true,
                "device_name": "/dev/sda1",
                "encrypted": false,
                "iops": 100,
                "kms_key_id": "",
                "tags": {},
                "throughput": 0,
                "volume_id": "vol-0c609ceef173ed1d0",
                "volume_size": 8,
                "volume_type": "gp2"
              }
            ],
            "secondary_private_ips": [],
            "security_groups": [],
            "source_dest_check": true,
            "subnet_id": "subnet-028bf653be91b0113",
            "tags": {
              "Name": "k8s-worker-1"
            },
            "tags_all": {
              "Name": "k8s-worker-1"
            },
            "tenancy": "default",
            "timeouts": null,
            "user_data": "1c1cca47b264ddd787ddbbea295145cced8de6f4",
            "user_data_base64": null,
            "user_data_replace_on_change": false,
            "volume_tags": null,
            "vpc_security_group_ids": [
              "sg-00a11fb7553986c11"
            ]
          },
          "sensitive_attributes": [],
          "private": "eyJlMmJmYjczMC1lY2FhLTExZTYtOGY4OC0zNDM2M2JjN2M0YzAiOnsiY3JlYXRlIjo2MDAwMDAwMDAwMDAsImRlbGV0ZSI6MTIwMDAwMDAwMDAwMCwidXBkYXRlIjo2MDAwMDAwMDAwMDB9LCJzY2hlbWFfdmVyc2lvbiI6IjEifQ==",
          "dependencies": [
            "aws_iam_instance_profile.master_ssm_profile",
            "aws_iam_instance_profile.worker_ssm_profile",
            "aws_iam_role.master_ssm_role",
            "aws_iam_role.worker_ssm_role",
            "aws_instance.master",
            "aws_key_pair.k8s",
            "aws_security_group.k8s",
            "aws_subnet.k8s",
            "aws_vpc.k8s",
            "data.aws_ami.ubuntu",
            "data.aws_iam_policy_document.ec2_assume_role_policy",
            "tls_private_key.key-k8s"
          ]
        },
        {
          "index_key": 1,
          "schema_version": 1,
          "attributes": {
            "ami": "ami-06cc5ebfb8571a147",
            "arn": "arn:aws:ec2:ap-south-1:551635290487:instance/i-03159ecc89954db96",
            "associate_public_ip_address": true,
            "availability_zone": "ap-south-1a",
            "capacity_reservation_specification": [
              {
                "capacity_reservation_preference": "open",
                "capacity_reservation_target": []
              }
            ],
            "cpu_core_count": 1,
            "cpu_options": [
              {
                "amd_sev_snp": "",
                "core_count": 1,
                "threads_per_core": 2
              }
            ],
            "cpu_threads_per_core": 2,
            "credit_specification": [
              {
                "cpu_credits": "unlimited"
              }
            ],
            "disable_api_stop": false,
            "disable_api_termination": false,
            "ebs_block_device": [],
            "ebs_optimized": false,
            "enclave_options": [
              {
                "enabled": false
              }
            ],
            "ephemeral_block_device": [],
            "get_password_data": false,
            "hibernation": false,
            "host_id": "",
            "host_resource_group_arn": null,
            "iam_instance_profile": "k8s-worker-ssm-profile",
            "id": "i-03159ecc89954db96",
            "instance_initiated_shutdown_behavior": "stop",
            "instance_state": "running",
            "instance_type": "t3.medium",
            "ipv6_address_count": 0,
            "ipv6_addresses": [],
            "key_name": "k8s-key",
            "launch_template": [],
            "maintenance_options": [
              {
                "auto_recovery": "default"
              }
            ],
            "metadata_options": [
              {
                "http_endpoint": "enabled",
                "http_put_response_hop_limit": 1,
                "http_tokens": "optional",
                "instance_metadata_tags": "disabled"
              }
            ],
            "monitoring": false,
            "network_interface": [],
            "outpost_arn": "",
            "password_data": "",
            "placement_group": "",
            "placement_partition_number": 0,
            "primary_network_interface_id": "eni-0e123e65565c45076",
            "private_dns": "ip-10-10-1-149.ap-south-1.compute.internal",
            "private_dns_name_options": [
              {
                "enable_resource_name_dns_a_record": false,
                "enable_resource_name_dns_aaaa_record": false,
                "hostname_type": "ip-name"
              }
            ],
            "private_ip": "10.10.1.149",
            "public_dns": "",
            "public_ip": "13.233.13.51",
            "root_block_device": [
              {
                "delete_on_termination": true,
                "device_name": "/dev/sda1",
                "encrypted": false,
                "iops": 100,
                "kms_key_id": "",
                "tags": {},
                "throughput": 0,
                "volume_id": "vol-074cfa92be033ffb2",
                "volume_size": 8,
                "volume_type": "gp2"
              }
            ],
            "secondary_private_ips": [],
            "security_groups": [],
            "source_dest_check": true,
            "subnet_id": "subnet-028bf653be91b0113",
            "tags": {
              "Name": "k8s-worker-2"
            },
            "tags_all": {
              "Name": "k8s-worker-2"
            },
            "tenancy": "default",
            "timeouts": null,
            "user_data": "1c1cca47b264ddd787ddbbea295145cced8de6f4",
            "user_data_base64": null,
            "user_data_replace_on_change": false,
            "volume_tags": null,
            "vpc_security_group_ids": [
              "sg-00a11fb7553986c11"
            ]
          },
          "sensitive_attributes": [],
          "private": "eyJlMmJmYjczMC1lY2FhLTExZTYtOGY4OC0zNDM2M2JjN2M0YzAiOnsiY3JlYXRlIjo2MDAwMDAwMDAwMDAsImRlbGV0ZSI6MTIwMDAwMDAwMDAwMCwidXBkYXRlIjo2MDAwMDAwMDAwMDB9LCJzY2hlbWFfdmVyc2lvbiI6IjEifQ==",
          "dependencies": [
            "aws_iam_instance_profile.master_ssm_profile",
            "aws_iam_instance_profile.worker_ssm_profile",
            "aws_iam_role.master_ssm_role",
            "aws_iam_role.worker_ssm_role",
            "aws_instance.master",
            "aws_key_pair.k8s",
            "aws_security_group.k8s",
            "aws_subnet.k8s",
            "aws_vpc.k8s",
            "data.aws_ami.ubuntu",
            "data.aws_iam_policy_document.ec2_assume_role_policy",
            "tls_private_key.key-k8s"
          ]
        },
        {
          "index_key": 2,
          "schema_version": 1,
          "attributes": {
            "ami": "ami-06cc5ebfb8571a147",
            "arn": "arn:aws:ec2:ap-south-1:551635290487:instance/i-00347e87842152010",
            "associate_public_ip_address": true,
            "availability_zone": "ap-south-1a",
            "capacity_reservation_specification": [
              {
                "capacity_reservation_preference": "open",
                "capacity_reservation_target": []
              }
            ],
            "cpu_core_count": 1,
            "cpu_options": [
              {
                "amd_sev_snp": "",
                "core_count": 1,
                "threads_per_core": 2
              }
            ],
            "cpu_threads_per_core": 2,
            "credit_specification": [
              {
                "cpu_credits": "unlimited"
              }
            ],
            "disable_api_stop": false,
            "disable_api_termination": false,
            "ebs_block_device": [],
            "ebs_optimized": false,
            "enclave_options": [
              {
                "enabled": false
              }
            ],
            "ephemeral_block_device": [],
            "get_password_data": false,
            "hibernation": false,
            "host_id": "",
            "host_resource_group_arn": null,
            "iam_instance_profile": "k8s-worker-ssm-profile",
            "id": "i-00347e87842152010",
            "instance_initiated_shutdown_behavior": "stop",
            "instance_state": "running",
            "instance_type": "t3.medium",
            "ipv6_address_count": 0,
            "ipv6_addresses": [],
            "key_name": "k8s-key",
            "launch_template": [],
            "maintenance_options": [
              {
                "auto_recovery": "default"
              }
            ],
            "metadata_options": [
              {
                "http_endpoint": "enabled",
                "http_put_response_hop_limit": 1,
                "http_tokens": "optional",
                "instance_metadata_tags": "disabled"
              }
            ],
            "monitoring": false,
            "network_interface": [],
            "outpost_arn": "",
            "password_data": "",
            "placement_group": "",
            "placement_partition_number": 0,
            "primary_network_interface_id": "eni-03cb7108301be2af0",
            "private_dns": "ip-10-10-1-242.ap-south-1.compute.internal",
            "private_dns_name_options": [
              {
                "enable_resource_name_dns_a_record": false,
                "enable_resource_name_dns_aaaa_record": false,
                "hostname_type": "ip-name"
              }
            ],
            "private_ip": "10.10.1.242",
            "public_dns": "",
            "public_ip": "65.0.4.81",
            "root_block_device": [
              {
                "delete_on_termination": true,
                "device_name": "/dev/sda1",
                "encrypted": false,
                "iops": 100,
                "kms_key_id": "",
                "tags": {},
                "throughput": 0,
                "volume_id": "vol-020c1e23054ba9729",
                "volume_size": 8,
                "volume_type": "gp2"
              }
            ],
            "secondary_private_ips": [],
            "security_groups": [],
            "source_dest_check": true,
            "subnet_id": "subnet-028bf653be91b0113",
            "tags": {
              "Name": "k8s-worker-3"
            },
            "tags_all": {
              "Name": "k8s-worker-3"
            },
            "tenancy": "default",
            "timeouts": null,
            "user_data": "1c1cca47b264ddd787ddbbea295145cced8de6f4",
            "user_data_base64": null,
            "user_data_replace_on_change": false,
            "volume_tags": null,
            "vpc_security_group_ids": [
              "sg-00a11fb7553986c11"
            ]
          },
          "sensitive_attributes": [],
          "private": "eyJlMmJmYjczMC1lY2FhLTExZTYtOGY4OC0zNDM2M2JjN2M0YzAiOnsiY3JlYXRlIjo2MDAwMDAwMDAwMDAsImRlbGV0ZSI6MTIwMDAwMDAwMDAwMCwidXBkYXRlIjo2MDAwMDAwMDAwMDB9LCJzY2hlbWFfdmVyc2lvbiI6IjEifQ==",
          "dependencies": [
            "aws_iam_instance_profile.master_ssm_profile",
            "aws_iam_instance_profile.worker_ssm_profile",
            "aws_iam_role.master_ssm_role",
            "aws_iam_role.worker_ssm_role",
            "aws_instance.master",
            "aws_key_pair.k8s",
            "aws_security_group.k8s",
            "aws_subnet.k8s",
            "aws_vpc.k8s",
            "data.aws_ami.ubuntu",
            "data.aws_iam_policy_document.ec2_assume_role_policy",
            "tls_private_key.key-k8s"
          ]
        },
        {
          "index_key": 3,
          "schema_version": 1,
          "attributes": {
            "ami": "ami-06cc5ebfb8571a147",
            "arn": "arn:aws:ec2:ap-south-1:551635290487:instance/i-07a82520d0b40db9f",
            "associate_public_ip_address": true,
            "availability_zone": "ap-south-1a",
            "capacity_reservation_specification": [
              {
                "capacity_reservation_preference": "open",
                "capacity_reservation_target": []
              }
            ],
            "cpu_core_count": 1,
            "cpu_options": [
              {
                "amd_sev_snp": "",
                "core_count": 1,
                "threads_per_core": 2
              }
            ],
            "cpu_threads_per_core": 2,
            "credit_specification": [
              {
                "cpu_credits": "unlimited"
              }
            ],
            "disable_api_stop": false,
            "disable_api_termination": false,
            "ebs_block_device": [],
            "ebs_optimized": false,
            "enclave_options": [
              {
                "enabled": false
              }
            ],
            "ephemeral_block_device": [],
            "get_password_data": false,
            "hibernation": false,
            "host_id": "",
            "host_resource_group_arn": null,
            "iam_instance_profile": "k8s-worker-ssm-profile",
            "id": "i-07a82520d0b40db9f",
            "instance_initiated_shutdown_behavior": "stop",
            "instance_state": "running",
            "instance_type": "t3.medium",
            "ipv6_address_count": 0,
            "ipv6_addresses": [],
            "key_name": "k8s-key",
            "launch_template": [],
            "maintenance_options": [
              {
                "auto_recovery": "default"
              }
            ],
            "metadata_options": [
              {
                "http_endpoint": "enabled",
                "http_put_response_hop_limit": 1,
                "http_tokens": "optional",
                "instance_metadata_tags": "disabled"
              }
            ],
            "monitoring": false,
            "network_interface": [],
            "outpost_arn": "",
            "password_data": "",
            "placement_group": "",
            "placement_partition_number": 0,
            "primary_network_interface_id": "eni-0de8cf2255edcb698",
            "private_dns": "ip-10-10-1-43.ap-south-1.compute.internal",
            "private_dns_name_options": [
              {
                "enable_resource_name_dns_a_record": false,
                "enable_resource_name_dns_aaaa_record": false,
                "hostname_type": "ip-name"
              }
            ],
            "private_ip": "10.10.1.43",
            "public_dns": "",
            "public_ip": "13.233.124.21",
            "root_block_device": [
              {
                "delete_on_termination": true,
                "device_name": "/dev/sda1",
                "encrypted": false,
                "iops": 100,
                "kms_key_id": "",
                "tags": {},
                "throughput": 0,
                "volume_id": "vol-0cf27cf8004846f89",
                "volume_size": 8,
                "volume_type": "gp2"
              }
            ],
            "secondary_private_ips": [],
            "security_groups": [],
            "source_dest_check": true,
            "subnet_id": "subnet-028bf653be91b0113",
            "tags": {
              "Name": "k8s-worker-4"
            },
            "tags_all": {
              "Name": "k8s-worker-4"
            },
            "tenancy": "default",
            "timeouts": null,
            "user_data": "1c1cca47b264ddd787ddbbea295145cced8de6f4",
            "user_data_base64": null,
            "user_data_replace_on_change": false,
            "volume_tags": null,
            "vpc_security_group_ids": [
              "sg-00a11fb7553986c11"
            ]
          },
          "sensitive_attributes": [],
          "private": "eyJlMmJmYjczMC1lY2FhLTExZTYtOGY4OC0zNDM2M2JjN2M0YzAiOnsiY3JlYXRlIjo2MDAwMDAwMDAwMDAsImRlbGV0ZSI6MTIwMDAwMDAwMDAwMCwidXBkYXRlIjo2MDAwMDAwMDAwMDB9LCJzY2hlbWFfdmVyc2lvbiI6IjEifQ==",
          "dependencies": [
            "aws_iam_instance_profile.master_ssm_profile",
            "aws_iam_instance_profile.worker_ssm_profile",
            "aws_iam_role.master_ssm_role",
            "aws_iam_role.worker_ssm_role",
            "aws_instance.master",
            "aws_key_pair.k8s",
            "aws_security_group.k8s",
            "aws_subnet.k8s",
            "aws_vpc.k8s",
            "data.aws_ami.ubuntu",
            "data.aws_iam_policy_document.ec2_assume_role_policy",
            "tls_private_key.key-k8s"
          ]
        }
      ]
    },
    {
      "mode": "managed",
      "type": "aws_internet_gateway",
      "name": "k8s_igw",
      "provider": "provider[\"registry.terraform.io/hashicorp/aws\"]",
      "instances": [
        {
          "schema_version": 0,
          "attributes": {
            "arn": "arn:aws:ec2:ap-south-1:551635290487:internet-gateway/igw-018129fd76ff2ac55",
            "id": "igw-018129fd76ff2ac55",
            "owner_id": "551635290487",
            "tags": {
              "Name": "k8s-igw"
            },
            "tags_all": {
              "Name": "k8s-igw"
            },
            "timeouts": null,
            "vpc_id": "vpc-0ec3b30f2cc894172"
          },
          "sensitive_attributes": [],
          "private": "eyJlMmJmYjczMC1lY2FhLTExZTYtOGY4OC0zNDM2M2JjN2M0YzAiOnsiY3JlYXRlIjoxMjAwMDAwMDAwMDAwLCJkZWxldGUiOjEyMDAwMDAwMDAwMDAsInVwZGF0ZSI6MTIwMDAwMDAwMDAwMH19",
          "dependencies": [
            "aws_vpc.k8s"
          ]
        }
      ]
    },
    {
      "mode": "managed",
      "type": "aws_key_pair",
      "name": "deployer",
      "provider": "provider[\"registry.terraform.io/hashicorp/aws\"]",
      "instances": [
        {
          "schema_version": 1,
          "attributes": {
            "arn": "arn:aws:ec2:ap-south-1:551635290487:key-pair/deployer-key",
            "fingerprint": "5d:f4:68:f4:8f:b2:35:91:2b:00:98:c9:0d:76:8e:46",
            "id": "deployer-key",
            "key_name": "deployer-key",
            "key_name_prefix": "",
            "key_pair_id": "key-086d44089316ecd56",
            "key_type": "rsa",
            "public_key": "ssh-rsa AAAAB3NzaC1yc2EAAAADAQABAAACAQDjaEH40KWnUugh0pLfE3ynZxKsFK6KHPtV63xOuogB6t4t8O/OuJGYz4SlYTATi6g5VjOOFmBuauJZIopvmrbEzCXQ77LpmRG29lttSxMX4LVddVAGnfDj22sP9/sQVnOyoneu+hZ956xCJgEIlad0ZR+6QPT4zaF/B2VBkufeDEQ7Hgi1lu13AXn7zm6OEQJddvEhq0wjiF6GnotllmnPJCaGkOFOHT2zsfS02lV6i1MaFiA5fUMAdkF719QRFyNDawKtQNmcrcMWi0zGWAZxYjgIaTc5Jmk5wMemP7/Fm1zPmy9RWMwunk42DgOEVQum6ESsRrwvIp7//iwQvGQv4mQaL5Ca+b9YjeRDn7VPzNUiv1KmnSvp/21nEZdh//AKlqp38rKmBUu9tVsNSJRhfFLGmjokwjMASIItYHVmSEGffACeyzVDZjqCyk73XoJq3nBkKNHUwJG83hWM2hhsyMPCtH6sHC1nqZJ+W1NRRsLObpKbNIfg6nSc2C2vG6Q/h78FDm9MAWC9O4Xfi0Iywe6fJX06aMMnortUivAAOLaN1H88wUOu36VynxeKsgsODwrT5x0fpuckFcRQrPIhC0SFLGr8VBy6kZVM7EIkDz0lXqOr1ekxI6BmbhAYMR4AnyVvk3kg/TsAUkLX2/DqA9OA8kGCzTd5/08uMExHaw==",
            "tags": null,
            "tags_all": {}
          },
          "sensitive_attributes": [],
          "private": "eyJzY2hlbWFfdmVyc2lvbiI6IjEifQ==",
          "dependencies": [
            "tls_private_key.mykey"
          ]
        }
      ]
    },
    {
      "mode": "managed",
      "type": "aws_key_pair",
      "name": "k8s",
      "provider": "provider[\"registry.terraform.io/hashicorp/aws\"]",
      "instances": [
        {
          "schema_version": 1,
          "attributes": {
            "arn": "arn:aws:ec2:ap-south-1:551635290487:key-pair/k8s-key",
            "fingerprint": "78:c6:5a:b3:d7:87:8d:95:24:a1:b4:ad:6a:46:34:0f",
            "id": "k8s-key",
            "key_name": "k8s-key",
            "key_name_prefix": "",
            "key_pair_id": "key-011c3caec3f8496ff",
            "key_type": "rsa",
            "public_key": "ssh-rsa AAAAB3NzaC1yc2EAAAADAQABAAACAQDccKxXG9PaGw/fbpEALXvE/PQjykBg2wY7Q08fDUnjPwUUubr7qK527vg/Gdrbcg6//kgH5GyR40MGf/booLav16pmBhmUnZLWPXawG7ThD4NohAZgvjvFYy536AIrAUWLFe3a3bLSBZdKtoEn6quDsKvUJlnZd1xTNMzb6WZ+OOmTtbtzVcgbS8hxx2uxEsvm6Ot/xY5Nsb/aPQzaZHAJwPQQ1Mfy3blbPPg2/9DT9EjoFzx0zeTMzcOBplAvzuKUPy4+AqkThzQK+iYsyOtsOkjV5X19UkRSLLFDBUMipQQJq8Wh0Hy83ttVgDlHESnC97E4YYWM/wXHARX6TZ+XlsrF4Oy066R1KrMbyQOSTS1dgb7GunlMwu98bKd7+LRQcbFGOyQO+ntcgCw4bLz6y8D16cqdAJInju7iN/mlqxtDKUYdaujQojoHQeRMHlyBIeszmEbteSMXimG00US8CjQ7ci+67qb36xMm3v64AhkoFAbWajpRtqw552F4fqN86FiV3iMPfd92Nh46jM/qx/4wGLnEK/pGcil5dLyiwmZEtZVivEGi+IVrYllxqLkTNO0dxrvyYZMOEyU/amw4zwEZF8QPpUuYyOKHSbs722cj3k5YNqT5ydHzFFgOf8Q+PAOSNyQHoe6EfxzsKKn3xtcd0JE9LxkJyrq5+6zcTw==",
            "tags": null,
            "tags_all": {}
          },
          "sensitive_attributes": [],
          "private": "eyJzY2hlbWFfdmVyc2lvbiI6IjEifQ==",
          "dependencies": [
            "tls_private_key.key-k8s"
          ]
        }
      ]
    },
    {
      "mode": "managed",
      "type": "aws_route",
      "name": "internet_access",
      "provider": "provider[\"registry.terraform.io/hashicorp/aws\"]",
      "instances": [
        {
          "schema_version": 0,
          "attributes": {
            "carrier_gateway_id": "",
            "core_network_arn": "",
            "destination_cidr_block": "0.0.0.0/0",
            "destination_ipv6_cidr_block": "",
            "destination_prefix_list_id": "",
            "egress_only_gateway_id": "",
            "gateway_id": "igw-018129fd76ff2ac55",
            "id": "r-rtb-0da1cc24775586ef11080289494",
            "instance_id": "",
            "instance_owner_id": "",
            "local_gateway_id": "",
            "nat_gateway_id": "",
            "network_interface_id": "",
            "origin": "CreateRoute",
            "route_table_id": "rtb-0da1cc24775586ef1",
            "state": "active",
            "timeouts": null,
            "transit_gateway_id": "",
            "vpc_endpoint_id": "",
            "vpc_peering_connection_id": ""
          },
          "sensitive_attributes": [],
          "private": "eyJlMmJmYjczMC1lY2FhLTExZTYtOGY4OC0zNDM2M2JjN2M0YzAiOnsiY3JlYXRlIjozMDAwMDAwMDAwMDAsImRlbGV0ZSI6MzAwMDAwMDAwMDAwLCJ1cGRhdGUiOjEyMDAwMDAwMDAwMH19",
          "dependencies": [
            "aws_internet_gateway.k8s_igw",
            "aws_route_table.k8s_rt",
            "aws_vpc.k8s"
          ]
        }
      ]
    },
    {
      "mode": "managed",
      "type": "aws_route_table",
      "name": "k8s_rt",
      "provider": "provider[\"registry.terraform.io/hashicorp/aws\"]",
      "instances": [
        {
          "schema_version": 0,
          "attributes": {
            "arn": "arn:aws:ec2:ap-south-1:551635290487:route-table/rtb-0da1cc24775586ef1",
            "id": "rtb-0da1cc24775586ef1",
            "owner_id": "551635290487",
            "propagating_vgws": [],
            "route": [],
            "tags": {
              "Name": "k8s-route-table"
            },
            "tags_all": {
              "Name": "k8s-route-table"
            },
            "timeouts": null,
            "vpc_id": "vpc-0ec3b30f2cc894172"
          },
          "sensitive_attributes": [],
          "private": "eyJlMmJmYjczMC1lY2FhLTExZTYtOGY4OC0zNDM2M2JjN2M0YzAiOnsiY3JlYXRlIjozMDAwMDAwMDAwMDAsImRlbGV0ZSI6MzAwMDAwMDAwMDAwLCJ1cGRhdGUiOjEyMDAwMDAwMDAwMH19",
          "dependencies": [
            "aws_vpc.k8s"
          ]
        }
      ]
    },
    {
      "mode": "managed",
      "type": "aws_route_table_association",
      "name": "k8s_subnet_assoc",
      "provider": "provider[\"registry.terraform.io/hashicorp/aws\"]",
      "instances": [
        {
          "schema_version": 0,
          "attributes": {
            "gateway_id": "",
            "id": "rtbassoc-02902ee81d49bd434",
            "route_table_id": "rtb-0da1cc24775586ef1",
            "subnet_id": "subnet-028bf653be91b0113",
            "timeouts": null
          },
          "sensitive_attributes": [],
          "private": "eyJlMmJmYjczMC1lY2FhLTExZTYtOGY4OC0zNDM2M2JjN2M0YzAiOnsiY3JlYXRlIjozMDAwMDAwMDAwMDAsImRlbGV0ZSI6MzAwMDAwMDAwMDAwLCJ1cGRhdGUiOjEyMDAwMDAwMDAwMH19",
          "dependencies": [
            "aws_route_table.k8s_rt",
            "aws_subnet.k8s",
            "aws_vpc.k8s"
          ]
        }
      ]
    },
    {
      "mode": "managed",
      "type": "aws_s3_bucket",
      "name": "metric_bucket",
      "provider": "provider[\"registry.terraform.io/hashicorp/aws\"]",
      "instances": [
        {
          "schema_version": 0,
          "attributes": {
            "acceleration_status": "",
            "acl": null,
            "arn": "arn:aws:s3:::my-metric-bucket",
            "bucket": "my-metric-bucket",
            "bucket_domain_name": "my-metric-bucket.s3.amazonaws.com",
            "bucket_prefix": "",
            "bucket_regional_domain_name": "my-metric-bucket.s3.ap-south-1.amazonaws.com",
            "cors_rule": [],
            "force_destroy": true,
            "grant": [
              {
                "id": "7702accd622ec0c2072115c5a32dc34473793b36d01eb4bb8ebe6d1561ed5baa",
                "permissions": [
                  "FULL_CONTROL"
                ],
                "type": "CanonicalUser",
                "uri": ""
              }
            ],
            "hosted_zone_id": "Z11RGJOFQNVJUP",
            "id": "my-metric-bucket",
            "lifecycle_rule": [],
            "logging": [],
            "object_lock_configuration": [],
            "object_lock_enabled": false,
            "policy": "",
            "region": "ap-south-1",
            "replication_configuration": [],
            "request_payer": "BucketOwner",
            "server_side_encryption_configuration": [
              {
                "rule": [
                  {
                    "apply_server_side_encryption_by_default": [
                      {
                        "kms_master_key_id": "",
                        "sse_algorithm": "AES256"
                      }
                    ],
                    "bucket_key_enabled": false
                  }
                ]
              }
            ],
            "tags": null,
            "tags_all": {},
            "timeouts": null,
            "versioning": [
              {
                "enabled": false,
                "mfa_delete": false
              }
            ],
            "website": [],
            "website_domain": null,
            "website_endpoint": null
          },
          "sensitive_attributes": [],
          "private": "eyJlMmJmYjczMC1lY2FhLTExZTYtOGY4OC0zNDM2M2JjN2M0YzAiOnsiY3JlYXRlIjoxMjAwMDAwMDAwMDAwLCJkZWxldGUiOjM2MDAwMDAwMDAwMDAsInJlYWQiOjEyMDAwMDAwMDAwMDAsInVwZGF0ZSI6MTIwMDAwMDAwMDAwMH19"
        }
      ]
    },
    {
      "mode": "managed",
      "type": "aws_s3_object",
      "name": "component_yaml",
      "provider": "provider[\"registry.terraform.io/hashicorp/aws\"]",
      "instances": [
        {
          "schema_version": 0,
          "attributes": {
            "acl": "private",
            "bucket": "my-metric-bucket",
            "bucket_key_enabled": false,
            "cache_control": "",
            "content": null,
            "content_base64": null,
            "content_disposition": "",
            "content_encoding": "",
            "content_language": "",
            "content_type": "text/yaml",
            "etag": "efb30704c595144a28215c398ee2a36a",
            "force_destroy": false,
            "id": "component.yaml",
            "key": "component.yaml",
            "kms_key_id": null,
            "metadata": null,
            "object_lock_legal_hold_status": "",
            "object_lock_mode": "",
            "object_lock_retain_until_date": "",
            "server_side_encryption": "AES256",
            "source": "./component.yaml",
            "source_hash": null,
            "storage_class": "STANDARD",
            "tags": null,
            "tags_all": {},
            "version_id": "",
            "website_redirect": ""
          },
          "sensitive_attributes": [],
          "private": "bnVsbA==",
          "dependencies": [
            "aws_s3_bucket.metric_bucket"
          ]
        }
      ]
    },
    {
      "mode": "managed",
      "type": "aws_s3_object",
      "name": "groovy_file",
      "provider": "provider[\"registry.terraform.io/hashicorp/aws\"]",
      "instances": [
        {
          "schema_version": 0,
          "attributes": {
            "acl": "private",
            "bucket": "my-metric-bucket",
            "bucket_key_enabled": false,
            "cache_control": "",
            "content": null,
            "content_base64": null,
            "content_disposition": "",
            "content_encoding": "",
            "content_language": "",
            "content_type": "application/x-groovy",
            "etag": "1ae29e5d22b743f3b656440b526b11f6",
            "force_destroy": false,
            "id": "basic-security.groovy",
            "key": "basic-security.groovy",
            "kms_key_id": null,
            "metadata": null,
            "object_lock_legal_hold_status": "",
            "object_lock_mode": "",
            "object_lock_retain_until_date": "",
            "server_side_encryption": "AES256",
            "source": "./basic-security.groovy",
            "source_hash": null,
            "storage_class": "STANDARD",
            "tags": null,
            "tags_all": {},
            "version_id": "",
            "website_redirect": ""
          },
          "sensitive_attributes": [],
          "private": "bnVsbA==",
          "dependencies": [
            "aws_s3_bucket.metric_bucket"
          ]
        }
      ]
    },
    {
      "mode": "managed",
      "type": "aws_security_group",
      "name": "k8s",
      "provider": "provider[\"registry.terraform.io/hashicorp/aws\"]",
      "instances": [
        {
          "schema_version": 1,
          "attributes": {
            "arn": "arn:aws:ec2:ap-south-1:551635290487:security-group/sg-00a11fb7553986c11",
            "description": "Managed by Terraform",
            "egress": [
              {
                "cidr_blocks": [
                  "0.0.0.0/0"
                ],
                "description": "",
                "from_port": 0,
                "ipv6_cidr_blocks": [],
                "prefix_list_ids": [],
                "protocol": "-1",
                "security_groups": [],
                "self": false,
                "to_port": 0
              }
            ],
            "id": "sg-00a11fb7553986c11",
            "ingress": [
              {
                "cidr_blocks": [
                  "0.0.0.0/0"
                ],
                "description": "",
                "from_port": 22,
                "ipv6_cidr_blocks": [],
                "prefix_list_ids": [],
                "protocol": "tcp",
                "security_groups": [],
                "self": false,
                "to_port": 22
              },
              {
                "cidr_blocks": [
                  "0.0.0.0/0"
                ],
                "description": "",
                "from_port": 6443,
                "ipv6_cidr_blocks": [],
                "prefix_list_ids": [],
                "protocol": "tcp",
                "security_groups": [],
                "self": false,
                "to_port": 6443
              },
              {
                "cidr_blocks": [
                  "0.0.0.0/0"
                ],
                "description": "",
                "from_port": 8080,
                "ipv6_cidr_blocks": [],
                "prefix_list_ids": [],
                "protocol": "tcp",
                "security_groups": [],
                "self": false,
                "to_port": 8080
              },
              {
                "cidr_blocks": [
                  "10.10.0.0/16",
                  "10.244.0.0/16"
                ],
                "description": "",
                "from_port": 0,
                "ipv6_cidr_blocks": [],
                "prefix_list_ids": [],
                "protocol": "tcp",
                "security_groups": [],
                "self": false,
                "to_port": 65535
              },
              {
                "cidr_blocks": [
                  "10.10.0.0/16"
                ],
                "description": "",
                "from_port": 50000,
                "ipv6_cidr_blocks": [],
                "prefix_list_ids": [],
                "protocol": "tcp",
                "security_groups": [],
                "self": false,
                "to_port": 50000
              }
            ],
            "name": "terraform-20251003054258869500000002",
            "name_prefix": "terraform-",
            "owner_id": "551635290487",
            "revoke_rules_on_delete": false,
            "tags": null,
            "tags_all": {},
            "timeouts": null,
            "vpc_id": "vpc-0ec3b30f2cc894172"
          },
          "sensitive_attributes": [],
          "private": "eyJlMmJmYjczMC1lY2FhLTExZTYtOGY4OC0zNDM2M2JjN2M0YzAiOnsiY3JlYXRlIjo2MDAwMDAwMDAwMDAsImRlbGV0ZSI6OTAwMDAwMDAwMDAwfSwic2NoZW1hX3ZlcnNpb24iOiIxIn0=",
          "dependencies": [
            "aws_vpc.k8s"
          ]
        }
      ]
    },
    {
      "mode": "managed",
      "type": "aws_subnet",
      "name": "k8s",
      "provider": "provider[\"registry.terraform.io/hashicorp/aws\"]",
      "instances": [
        {
          "schema_version": 1,
          "attributes": {
            "arn": "arn:aws:ec2:ap-south-1:551635290487:subnet/subnet-028bf653be91b0113",
            "assign_ipv6_address_on_creation": false,
            "availability_zone": "ap-south-1a",
            "availability_zone_id": "aps1-az1",
            "cidr_block": "10.10.1.0/24",
            "customer_owned_ipv4_pool": "",
            "enable_dns64": false,
            "enable_lni_at_device_index": 0,
            "enable_resource_name_dns_a_record_on_launch": false,
            "enable_resource_name_dns_aaaa_record_on_launch": false,
            "id": "subnet-028bf653be91b0113",
            "ipv6_cidr_block": "",
            "ipv6_cidr_block_association_id": "",
            "ipv6_native": false,
            "map_customer_owned_ip_on_launch": false,
            "map_public_ip_on_launch": false,
            "outpost_arn": "",
            "owner_id": "551635290487",
            "private_dns_hostname_type_on_launch": "ip-name",
            "tags": null,
            "tags_all": {},
            "timeouts": null,
            "vpc_id": "vpc-0ec3b30f2cc894172"
          },
          "sensitive_attributes": [],
          "private": "eyJlMmJmYjczMC1lY2FhLTExZTYtOGY4OC0zNDM2M2JjN2M0YzAiOnsiY3JlYXRlIjo2MDAwMDAwMDAwMDAsImRlbGV0ZSI6MTIwMDAwMDAwMDAwMH0sInNjaGVtYV92ZXJzaW9uIjoiMSJ9",
          "dependencies": [
            "aws_vpc.k8s"
          ]
        }
      ]
    },
    {
      "mode": "managed",
      "type": "aws_vpc",
      "name": "k8s",
      "provider": "provider[\"registry.terraform.io/hashicorp/aws\"]",
      "instances": [
        {
          "schema_version": 1,
          "attributes": {
            "arn": "arn:aws:ec2:ap-south-1:551635290487:vpc/vpc-0ec3b30f2cc894172",
            "assign_generated_ipv6_cidr_block": false,
            "cidr_block": "10.10.0.0/16",
            "default_network_acl_id": "acl-078f6ef60715d8078",
            "default_route_table_id": "rtb-07ed4ecccb7a2e70f",
            "default_security_group_id": "sg-0b091b2673130f836",
            "dhcp_options_id": "dopt-01e4cfd24b0e390c7",
            "enable_classiclink": false,
            "enable_classiclink_dns_support": false,
            "enable_dns_hostnames": false,
            "enable_dns_support": true,
            "enable_network_address_usage_metrics": false,
            "id": "vpc-0ec3b30f2cc894172",
            "instance_tenancy": "default",
            "ipv4_ipam_pool_id": null,
            "ipv4_netmask_length": null,
            "ipv6_association_id": "",
            "ipv6_cidr_block": "",
            "ipv6_cidr_block_network_border_group": "",
            "ipv6_ipam_pool_id": "",
            "ipv6_netmask_length": 0,
            "main_route_table_id": "rtb-07ed4ecccb7a2e70f",
            "owner_id": "551635290487",
            "tags": null,
            "tags_all": {}
          },
          "sensitive_attributes": [],
          "private": "eyJzY2hlbWFfdmVyc2lvbiI6IjEifQ=="
        }
      ]
    },
    {
      "mode": "managed",
      "type": "tls_private_key",
      "name": "key-k8s",
      "provider": "provider[\"registry.terraform.io/hashicorp/tls\"]",
      "instances": [
        {
          "schema_version": 1,
          "attributes": {
            "algorithm": "RSA",
            "ecdsa_curve": "P224",
            "id": "1b4c1c5a75a5098f254a02e9f1090afebd905af3",
            "private_key_openssh": "-----BEGIN OPENSSH PRIVATE KEY-----\nb3BlbnNzaC1rZXktdjEAAAAABG5vbmUAAAAEbm9uZQAAAAAAAAABAAACFwAAAAdz\nc2gtcnNhAAAAAwEAAQAAAgEA3HCsVxvT2hsP326RAC17xPz0I8pAYNsGO0NPHw1J\n4z8FFLm6+6iudu74Pxna23IOv/5IB+RskeNDBn/26KC2r9eqZgYZlJ2S1j12sBu0\n4Q+DaIQGYL47xWMud+gCKwFFixXt2t2y0gWXSraBJ+qrg7Cr1CZZ2XdcUzTM2+lm\nfjjpk7W7c1XIG0vIccdrsRLL5ujrf8WOTbG/2j0M2mRwCcD0ENTH8t25Wzz4Nv/Q\n0/RI6Bc8dM3kzM3DgaZQL87ilD8uPgKpE4c0CvomLMjrbDpI1eV9fVJEUiyxQwVD\nIqUECavFodB8vN7bVYA5RxEpwvexOGGFjP8FxwEV+k2fl5bKxeDstOukdSqzG8kD\nkk0tXYG+xrp5TMLvfGyne/i0UHGxRjskDvp7XIAsOGy8+svA9enKnQCSJ47u4jf5\npasbQylGHWro0KI6B0HkTB5cgSHrM5hG7XkjF4phtNFEvAo0O3Ivuu6m9+sTJt7+\nuAIZKBQG1mo6UbasOedheH6jfOhYld4jD33fdjYeOozP6sf+MBi5xCv6RnIpeXS8\nosJmRLWVYrxBoviFa2JZcai5EzTtHca78mGTDhMlP2psOM8BGRfED6VLmMjih0m7\nO9tnI95OWDak+cnR8xRYDn/EPjwDkjckB6HuhH8c7Cip98bXHdCRPS8ZCcq6ufus\n3E8AAAc4mYVSU5mFUlMAAAAHc3NoLXJzYQAAAgEA3HCsVxvT2hsP326RAC17xPz0\nI8pAYNsGO0NPHw1J4z8FFLm6+6iudu74Pxna23IOv/5IB+RskeNDBn/26KC2r9eq\nZgYZlJ2S1j12sBu04Q+DaIQGYL47xWMud+gCKwFFixXt2t2y0gWXSraBJ+qrg7Cr\n1CZZ2XdcUzTM2+lmfjjpk7W7c1XIG0vIccdrsRLL5ujrf8WOTbG/2j0M2mRwCcD0\nENTH8t25Wzz4Nv/Q0/RI6Bc8dM3kzM3DgaZQL87ilD8uPgKpE4c0CvomLMjrbDpI\n1eV9fVJEUiyxQwVDIqUECavFodB8vN7bVYA5RxEpwvexOGGFjP8FxwEV+k2fl5bK\nxeDstOukdSqzG8kDkk0tXYG+xrp5TMLvfGyne/i0UHGxRjskDvp7XIAsOGy8+svA\n9enKnQCSJ47u4jf5pasbQylGHWro0KI6B0HkTB5cgSHrM5hG7XkjF4phtNFEvAo0\nO3Ivuu6m9+sTJt7+uAIZKBQG1mo6UbasOedheH6jfOhYld4jD33fdjYeOozP6sf+\nMBi5xCv6RnIpeXS8osJmRLWVYrxBoviFa2JZcai5EzTtHca78mGTDhMlP2psOM8B\nGRfED6VLmMjih0m7O9tnI95OWDak+cnR8xRYDn/EPjwDkjckB6HuhH8c7Cip98bX\nHdCRPS8ZCcq6ufus3E8AAAADAQABAAACAAi1MgxI2aAH1KMvWMP93Uyamhb114Ax\nTA2NlZ5fkIJ3tqmAbWNL4QRqtodg6+p3lsnnxLb8biYp040kreoM5dqMCuZNKbfb\nV6Bl536CbFfoRyPFn1jf+uLLuFtdNgS2iqWOtV7MG328tyK+PduH+MQoIkmBmv1X\nqop7j0zFQLAOFc/+FvcHNZ3lFaMaTRCUHQDfROTptrrZTCpV92Atz9fayulaoRa2\nF9XY/Tcdo4VT5N4M2O2w78UAAHqVHsgcrzT1n/aBdWYDlRSKmB/JxLRO7cShSZ6T\nNYayJEMbqJtsPadsz87vZOtduaKm1jG5UFcsIKXeWFUJrT6Utju1KETVCt+t0edk\njDVPWqz0hk1KOS4rQe2ASU2El9od6dvS73efxgiUOutL/uMETlpb1NsIFUdnC7LH\n6MZyqicGB3vco7waW8AGMgJ8syH/SnsO6QsMKWj18U/EaSA1rfaULLcIRRtnxXOE\nzO0atqI+grZB/roURRbkMDVREG8KfNpkueDPDjSuXoIlETzDqConeBL9T3TkLRFk\n4uX5BqPJzvEsWBHa21rgCO9F/oiIfDswBuapXki8R+DPpKdcdHZ984lTRW8zy0rR\nDBUntV8nvKqmZscR9FlKDM+JlXfMKCjt2d2YGjoDQ3wpdRxX3WWhI+/k5MXLuX4O\n9PX8jHQ7RpsRAAABAQCoSXUol+CwX2yyx4mDWLhk2jg1wZK8uOK8T+kJC9esDwNP\nSEL5rprvM9ZNWk7QTBRth5Lptqh8f/wV1bSf0WZ8VRE9GcvYTk/AbUFcYugi0+iO\nItKv30CT/Pt55B8Id1fxYEBmUAbzkB9wER9s7zhzpbzlfxD8/N2q3bxpTH1TaZrS\nYXeqUw7rQOpFR5zfbQunB87HqJlSCVHmygtcL9IBf+5oxQUXkoSVLsT3V3JakXHE\nKsixe5dCsgVCyb69/aD04YbsY5l4QP5FweBKEG/+k87Xj/Fcho3MpTSl0ljFlcXF\nebJuXkeL5KmMcZ5vZ22BwEHoGn7/TBzrjkxnd4HyAAABAQD/vTLV/2LROjO0qEOe\nOG7vjgzdr4rUvTtcAReNpZTjoU1SuqwAZQ+5GMRlx1AjagQTQtA1NJGL2mYoXDZq\nWVelQ7XJr9JyqTRP9oXPdr1nmWtVfShmMudTA72I+gkgx0cAyR4JQzdxOQ9JlTZW\nb+o6WIhiYgWGp2Hrh97J5Qd/aKzfcqmRRun08W46mi9EaOlt7HqXp0RK0SdK1t9Z\ns4PtCpWBB13y0UDU5lOrWrvw0+pKq/zRkADtZBkp5slR1+KPRq3bRzL8+9wvUy+G\nBb5/OY2tels6Luqq/F648G+HI9WwmqzM1tA+D58wFo39mNM9Bv23AmiTfv+5xwbM\nw1VfAAABAQDcqkEUbaumQ1/hAXgUUicWgnNsB+hElf/o1Mc4Xru9tmIC7hA5YNrO\nynCg4Df8qoIS7S51LG9WPSJZHU63ggX9DEzwldfOPCXmnTm2ahhKvDuzf40MPmiz\nNfOgxqiHJJ7RVg0fRI9D9yOm8KsVo86d6Jl244KosZ+32dWxQ/01uN9m0nfvygyP\nAakHeLlK+9mDGIdYGrutYZmELqRpUHPD0JTLHwue9AUYHs0vi0rhEpAb8zqlLYya\nr8WmMzXDNHB5CkFzYvnLm3rk5GHKavk9xxgJ01JE4q1MpqtzfN9+TuHQsoFs/P54\nZUTV0Odm89YF3aM5KBOBJdIURUDdUG8RAAAAAAEC\n-----END OPENSSH PRIVATE KEY-----\n",
            "private_key_pem": "-----BEGIN RSA PRIVATE KEY-----\nMIIJKgIBAAKCAgEA3HCsVxvT2hsP326RAC17xPz0I8pAYNsGO0NPHw1J4z8FFLm6\n+6iudu74Pxna23IOv/5IB+RskeNDBn/26KC2r9eqZgYZlJ2S1j12sBu04Q+DaIQG\nYL47xWMud+gCKwFFixXt2t2y0gWXSraBJ+qrg7Cr1CZZ2XdcUzTM2+lmfjjpk7W7\nc1XIG0vIccdrsRLL5ujrf8WOTbG/2j0M2mRwCcD0ENTH8t25Wzz4Nv/Q0/RI6Bc8\ndM3kzM3DgaZQL87ilD8uPgKpE4c0CvomLMjrbDpI1eV9fVJEUiyxQwVDIqUECavF\nodB8vN7bVYA5RxEpwvexOGGFjP8FxwEV+k2fl5bKxeDstOukdSqzG8kDkk0tXYG+\nxrp5TMLvfGyne/i0UHGxRjskDvp7XIAsOGy8+svA9enKnQCSJ47u4jf5pasbQylG\nHWro0KI6B0HkTB5cgSHrM5hG7XkjF4phtNFEvAo0O3Ivuu6m9+sTJt7+uAIZKBQG\n1mo6UbasOedheH6jfOhYld4jD33fdjYeOozP6sf+MBi5xCv6RnIpeXS8osJmRLWV\nYrxBoviFa2JZcai5EzTtHca78mGTDhMlP2psOM8BGRfED6VLmMjih0m7O9tnI95O\nWDak+cnR8xRYDn/EPjwDkjckB6HuhH8c7Cip98bXHdCRPS8ZCcq6ufus3E8CAwEA\nAQKCAgAItTIMSNmgB9SjL1jD/d1MmpoW9deAMUwNjZWeX5CCd7apgG1jS+EEaraH\nYOvqd5bJ58S2/G4mKdONJK3qDOXajArmTSm321egZed+gmxX6EcjxZ9Y3/riy7hb\nXTYEtoqljrVezBt9vLcivj3bh/jEKCJJgZr9V6qKe49MxUCwDhXP/hb3BzWd5RWj\nGk0QlB0A30Tk6ba62UwqVfdgLc/X2srpWqEWthfV2P03HaOFU+TeDNjtsO/FAAB6\nlR7IHK809Z/2gXVmA5UUipgfycS0Tu3EoUmekzWGsiRDG6ibbD2nbM/O72TrXbmi\nptYxuVBXLCCl3lhVCa0+lLY7tShE1QrfrdHnZIw1T1qs9IZNSjkuK0HtgElNhJfa\nHenb0u93n8YIlDrrS/7jBE5aW9TbCBVHZwuyx+jGcqonBgd73KO8GlvABjICfLMh\n/0p7DukLDClo9fFPxGkgNa32lCy3CEUbZ8VzhMztGraiPoK2Qf66FEUW5DA1URBv\nCnzaZLngzw40rl6CJRE8w6gqJ3gS/U905C0RZOLl+Qajyc7xLFgR2tta4AjvRf6I\niHw7MAbmqV5IvEfgz6SnXHR2ffOJU0VvM8tK0QwVJ7VfJ7yqpmbHEfRZSgzPiZV3\nzCgo7dndmBo6A0N8KXUcV91loSPv5OTFy7l+DvT1/Ix0O0abEQKCAQEA/70y1f9i\n0ToztKhDnjhu744M3a+K1L07XAEXjaWU46FNUrqsAGUPuRjEZcdQI2oEE0LQNTSR\ni9pmKFw2allXpUO1ya/Scqk0T/aFz3a9Z5lrVX0oZjLnUwO9iPoJIMdHAMkeCUM3\ncTkPSZU2Vm/qOliIYmIFhqdh64feyeUHf2is33KpkUbp9PFuOpovRGjpbex6l6dE\nStEnStbfWbOD7QqVgQdd8tFA1OZTq1q78NPqSqv80ZAA7WQZKebJUdfij0at20cy\n/PvcL1MvhgW+fzmNrXpbOi7qqvxeuPBvhyPVsJqszNbQPg+fMBaN/ZjTPQb9twJo\nk37/uccGzMNVXwKCAQEA3KpBFG2rpkNf4QF4FFInFoJzbAfoRJX/6NTHOF67vbZi\nAu4QOWDazspwoOA3/KqCEu0udSxvVj0iWR1Ot4IF/QxM8JXXzjwl5p05tmoYSrw7\ns3+NDD5oszXzoMaohySe0VYNH0SPQ/cjpvCrFaPOneiZduOCqLGft9nVsUP9Nbjf\nZtJ378oMjwGpB3i5SvvZgxiHWBq7rWGZhC6kaVBzw9CUyx8LnvQFGB7NL4tK4RKQ\nG/M6pS2Mmq/FpjM1wzRweQpBc2L5y5t65ORhymr5PccYCdNSROKtTKarc3zffk7h\n0LKBbPz+eGVE1dDnZvPWBd2jOSgTgSXSFEVA3VBvEQKCAQEAzAnnxVU9QjFtj3Ww\nfUwJNpffLAAihBl2grFcWWcCo5rOVnMZSDdZlBRuncWn6plrJvLnq4uFlE9rskfg\nInmls/WR1JizD0hwtFu75wqVk1KUkGCLGv8CEPmq/t5+6egUfkv36uv2EB+2Ur75\n23zvJB3+soACaKyjM4fz+KECmmSpiJ2zLHWntAXsLFVX4PzTQSCrrtOFaSv2bX+C\nM89GMpl/LrLyAglx8GrT1qNNz5dEFs+hppF+K+jxKr03YlUcLbP2gj0MMUvBIQD9\nqbBrjJYes4orvwAvurwf1u3+DZRJqd2+gK/i9aEBIRzdrLeB0e8B/kGtrgBlh5OD\nmVs/gQKCAQEAnsFmnPniGnYyjsDt0UDhmlI0FC8ELgP031/mDGori+uhTBZWWdGS\n2l/O9A8ceI17k35MhER5vYOyKIbrUR8ci9fDqvtDDb88TVQkZ1ahL3OJSDSmF372\n+KgCJVOHf+Ma1+SfADXlFLLDVaGklKcLSZREhMJeCFvyWuU/1o7hpzrgjysw2rV0\nn5ZEM3npZUcYUDbfeMWS7MRhHDYqVxJolyKDSjeFttA8sgPG/0OplZAzWch+EsRY\nehmni1EghtY9bPex6v/0U0YC/pZIvMaFlqqcYsVEVQb4Q0NN6oKWkFrUH7+tWeoS\nci/5fBMVyH35JrM0cTSiA7JgF/FTH2Z04QKCAQEAqEl1KJfgsF9ssseJg1i4ZNo4\nNcGSvLjivE/pCQvXrA8DT0hC+a6a7zPWTVpO0EwUbYeS6baofH/8FdW0n9FmfFUR\nPRnL2E5PwG1BXGLoItPojiLSr99Ak/z7eeQfCHdX8WBAZlAG85AfcBEfbO84c6W8\n5X8Q/Pzdqt28aUx9U2ma0mF3qlMO60DqRUec320LpwfOx6iZUglR5soLXC/SAX/u\naMUFF5KElS7E91dyWpFxxCrIsXuXQrIFQsm+vf2g9OGG7GOZeED+RcHgShBv/pPO\n14/xXIaNzKU0pdJYxZXFxXmybl5Hi+SpjHGeb2dtgcBB6Bp+/0wc645MZ3eB8g==\n-----END RSA PRIVATE KEY-----\n",
            "private_key_pem_pkcs8": "-----BEGIN PRIVATE KEY-----\nMIIJRAIBADANBgkqhkiG9w0BAQEFAASCCS4wggkqAgEAAoICAQDccKxXG9PaGw/f\nbpEALXvE/PQjykBg2wY7Q08fDUnjPwUUubr7qK527vg/Gdrbcg6//kgH5GyR40MG\nf/booLav16pmBhmUnZLWPXawG7ThD4NohAZgvjvFYy536AIrAUWLFe3a3bLSBZdK\ntoEn6quDsKvUJlnZd1xTNMzb6WZ+OOmTtbtzVcgbS8hxx2uxEsvm6Ot/xY5Nsb/a\nPQzaZHAJwPQQ1Mfy3blbPPg2/9DT9EjoFzx0zeTMzcOBplAvzuKUPy4+AqkThzQK\n+iYsyOtsOkjV5X19UkRSLLFDBUMipQQJq8Wh0Hy83ttVgDlHESnC97E4YYWM/wXH\nARX6TZ+XlsrF4Oy066R1KrMbyQOSTS1dgb7GunlMwu98bKd7+LRQcbFGOyQO+ntc\ngCw4bLz6y8D16cqdAJInju7iN/mlqxtDKUYdaujQojoHQeRMHlyBIeszmEbteSMX\nimG00US8CjQ7ci+67qb36xMm3v64AhkoFAbWajpRtqw552F4fqN86FiV3iMPfd92\nNh46jM/qx/4wGLnEK/pGcil5dLyiwmZEtZVivEGi+IVrYllxqLkTNO0dxrvyYZMO\nEyU/amw4zwEZF8QPpUuYyOKHSbs722cj3k5YNqT5ydHzFFgOf8Q+PAOSNyQHoe6E\nfxzsKKn3xtcd0JE9LxkJyrq5+6zcTwIDAQABAoICAAi1MgxI2aAH1KMvWMP93Uya\nmhb114AxTA2NlZ5fkIJ3tqmAbWNL4QRqtodg6+p3lsnnxLb8biYp040kreoM5dqM\nCuZNKbfbV6Bl536CbFfoRyPFn1jf+uLLuFtdNgS2iqWOtV7MG328tyK+PduH+MQo\nIkmBmv1Xqop7j0zFQLAOFc/+FvcHNZ3lFaMaTRCUHQDfROTptrrZTCpV92Atz9fa\nyulaoRa2F9XY/Tcdo4VT5N4M2O2w78UAAHqVHsgcrzT1n/aBdWYDlRSKmB/JxLRO\n7cShSZ6TNYayJEMbqJtsPadsz87vZOtduaKm1jG5UFcsIKXeWFUJrT6Utju1KETV\nCt+t0edkjDVPWqz0hk1KOS4rQe2ASU2El9od6dvS73efxgiUOutL/uMETlpb1NsI\nFUdnC7LH6MZyqicGB3vco7waW8AGMgJ8syH/SnsO6QsMKWj18U/EaSA1rfaULLcI\nRRtnxXOEzO0atqI+grZB/roURRbkMDVREG8KfNpkueDPDjSuXoIlETzDqConeBL9\nT3TkLRFk4uX5BqPJzvEsWBHa21rgCO9F/oiIfDswBuapXki8R+DPpKdcdHZ984lT\nRW8zy0rRDBUntV8nvKqmZscR9FlKDM+JlXfMKCjt2d2YGjoDQ3wpdRxX3WWhI+/k\n5MXLuX4O9PX8jHQ7RpsRAoIBAQD/vTLV/2LROjO0qEOeOG7vjgzdr4rUvTtcAReN\npZTjoU1SuqwAZQ+5GMRlx1AjagQTQtA1NJGL2mYoXDZqWVelQ7XJr9JyqTRP9oXP\ndr1nmWtVfShmMudTA72I+gkgx0cAyR4JQzdxOQ9JlTZWb+o6WIhiYgWGp2Hrh97J\n5Qd/aKzfcqmRRun08W46mi9EaOlt7HqXp0RK0SdK1t9Zs4PtCpWBB13y0UDU5lOr\nWrvw0+pKq/zRkADtZBkp5slR1+KPRq3bRzL8+9wvUy+GBb5/OY2tels6Luqq/F64\n8G+HI9WwmqzM1tA+D58wFo39mNM9Bv23AmiTfv+5xwbMw1VfAoIBAQDcqkEUbaum\nQ1/hAXgUUicWgnNsB+hElf/o1Mc4Xru9tmIC7hA5YNrOynCg4Df8qoIS7S51LG9W\nPSJZHU63ggX9DEzwldfOPCXmnTm2ahhKvDuzf40MPmizNfOgxqiHJJ7RVg0fRI9D\n9yOm8KsVo86d6Jl244KosZ+32dWxQ/01uN9m0nfvygyPAakHeLlK+9mDGIdYGrut\nYZmELqRpUHPD0JTLHwue9AUYHs0vi0rhEpAb8zqlLYyar8WmMzXDNHB5CkFzYvnL\nm3rk5GHKavk9xxgJ01JE4q1MpqtzfN9+TuHQsoFs/P54ZUTV0Odm89YF3aM5KBOB\nJdIURUDdUG8RAoIBAQDMCefFVT1CMW2PdbB9TAk2l98sACKEGXaCsVxZZwKjms5W\ncxlIN1mUFG6dxafqmWsm8ueri4WUT2uyR+AieaWz9ZHUmLMPSHC0W7vnCpWTUpSQ\nYIsa/wIQ+ar+3n7p6BR+S/fq6/YQH7ZSvvnbfO8kHf6ygAJorKMzh/P4oQKaZKmI\nnbMsdae0BewsVVfg/NNBIKuu04VpK/Ztf4Izz0YymX8usvICCXHwatPWo03Pl0QW\nz6GmkX4r6PEqvTdiVRwts/aCPQwxS8EhAP2psGuMlh6ziiu/AC+6vB/W7f4NlEmp\n3b6Ar+L1oQEhHN2st4HR7wH+Qa2uAGWHk4OZWz+BAoIBAQCewWac+eIadjKOwO3R\nQOGaUjQULwQuA/TfX+YMaiuL66FMFlZZ0ZLaX870Dxx4jXuTfkyERHm9g7IohutR\nHxyL18Oq+0MNvzxNVCRnVqEvc4lINKYXfvb4qAIlU4d/4xrX5J8ANeUUssNVoaSU\npwtJlESEwl4IW/Ja5T/WjuGnOuCPKzDatXSflkQzeellRxhQNt94xZLsxGEcNipX\nEmiXIoNKN4W20DyyA8b/Q6mVkDNZyH4SxFh6GaeLUSCG1j1s97Hq//RTRgL+lki8\nxoWWqpxixURVBvhDQ03qgpaQWtQfv61Z6hJyL/l8ExXIffkmszRxNKIDsmAX8VMf\nZnThAoIBAQCoSXUol+CwX2yyx4mDWLhk2jg1wZK8uOK8T+kJC9esDwNPSEL5rprv\nM9ZNWk7QTBRth5Lptqh8f/wV1bSf0WZ8VRE9GcvYTk/AbUFcYugi0+iOItKv30CT\n/Pt55B8Id1fxYEBmUAbzkB9wER9s7zhzpbzlfxD8/N2q3bxpTH1TaZrSYXeqUw7r\nQOpFR5zfbQunB87HqJlSCVHmygtcL9IBf+5oxQUXkoSVLsT3V3JakXHEKsixe5dC\nsgVCyb69/aD04YbsY5l4QP5FweBKEG/+k87Xj/Fcho3MpTSl0ljFlcXFebJuXkeL\n5KmMcZ5vZ22BwEHoGn7/TBzrjkxnd4Hy\n-----END PRIVATE KEY-----\n",
            "public_key_fingerprint_md5": "68:dd:84:f9:a7:a0:fa:56:c2:c8:e6:81:05:ec:a0:96",
            "public_key_fingerprint_sha256": "SHA256:Bt8TGtqbOUCHlyQmJzu7xUkgpR7nlrsaHRjcpuZDb4A",
            "public_key_openssh": "ssh-rsa AAAAB3NzaC1yc2EAAAADAQABAAACAQDccKxXG9PaGw/fbpEALXvE/PQjykBg2wY7Q08fDUnjPwUUubr7qK527vg/Gdrbcg6//kgH5GyR40MGf/booLav16pmBhmUnZLWPXawG7ThD4NohAZgvjvFYy536AIrAUWLFe3a3bLSBZdKtoEn6quDsKvUJlnZd1xTNMzb6WZ+OOmTtbtzVcgbS8hxx2uxEsvm6Ot/xY5Nsb/aPQzaZHAJwPQQ1Mfy3blbPPg2/9DT9EjoFzx0zeTMzcOBplAvzuKUPy4+AqkThzQK+iYsyOtsOkjV5X19UkRSLLFDBUMipQQJq8Wh0Hy83ttVgDlHESnC97E4YYWM/wXHARX6TZ+XlsrF4Oy066R1KrMbyQOSTS1dgb7GunlMwu98bKd7+LRQcbFGOyQO+ntcgCw4bLz6y8D16cqdAJInju7iN/mlqxtDKUYdaujQojoHQeRMHlyBIeszmEbteSMXimG00US8CjQ7ci+67qb36xMm3v64AhkoFAbWajpRtqw552F4fqN86FiV3iMPfd92Nh46jM/qx/4wGLnEK/pGcil5dLyiwmZEtZVivEGi+IVrYllxqLkTNO0dxrvyYZMOEyU/amw4zwEZF8QPpUuYyOKHSbs722cj3k5YNqT5ydHzFFgOf8Q+PAOSNyQHoe6EfxzsKKn3xtcd0JE9LxkJyrq5+6zcTw==\n",
            "public_key_pem": "-----BEGIN PUBLIC KEY-----\nMIICIjANBgkqhkiG9w0BAQEFAAOCAg8AMIICCgKCAgEA3HCsVxvT2hsP326RAC17\nxPz0I8pAYNsGO0NPHw1J4z8FFLm6+6iudu74Pxna23IOv/5IB+RskeNDBn/26KC2\nr9eqZgYZlJ2S1j12sBu04Q+DaIQGYL47xWMud+gCKwFFixXt2t2y0gWXSraBJ+qr\ng7Cr1CZZ2XdcUzTM2+lmfjjpk7W7c1XIG0vIccdrsRLL5ujrf8WOTbG/2j0M2mRw\nCcD0ENTH8t25Wzz4Nv/Q0/RI6Bc8dM3kzM3DgaZQL87ilD8uPgKpE4c0CvomLMjr\nbDpI1eV9fVJEUiyxQwVDIqUECavFodB8vN7bVYA5RxEpwvexOGGFjP8FxwEV+k2f\nl5bKxeDstOukdSqzG8kDkk0tXYG+xrp5TMLvfGyne/i0UHGxRjskDvp7XIAsOGy8\n+svA9enKnQCSJ47u4jf5pasbQylGHWro0KI6B0HkTB5cgSHrM5hG7XkjF4phtNFE\nvAo0O3Ivuu6m9+sTJt7+uAIZKBQG1mo6UbasOedheH6jfOhYld4jD33fdjYeOozP\n6sf+MBi5xCv6RnIpeXS8osJmRLWVYrxBoviFa2JZcai5EzTtHca78mGTDhMlP2ps\nOM8BGRfED6VLmMjih0m7O9tnI95OWDak+cnR8xRYDn/EPjwDkjckB6HuhH8c7Cip\n98bXHdCRPS8ZCcq6ufus3E8CAwEAAQ==\n-----END PUBLIC KEY-----\n",
            "rsa_bits": 4096
          },
          "sensitive_attributes": [
            [
              {
                "type": "get_attr",
                "value": "private_key_pem"
              }
            ],
            [
              {
                "type": "get_attr",
                "value": "private_key_pem_pkcs8"
              }
            ],
            [
              {
                "type": "get_attr",
                "value": "private_key_openssh"
              }
            ]
          ]
        }
      ]
    },
    {
      "mode": "managed",
      "type": "tls_private_key",
      "name": "mykey",
      "provider": "provider[\"registry.terraform.io/hashicorp/tls\"]",
      "instances": [
        {
          "schema_version": 1,
          "attributes": {
            "algorithm": "RSA",
            "ecdsa_curve": "P224",
            "id": "0aed02f7e2f67fb85e9863eb3c07e4630cffeb3a",
            "private_key_openssh": "-----BEGIN OPENSSH PRIVATE KEY-----\nb3BlbnNzaC1rZXktdjEAAAAABG5vbmUAAAAEbm9uZQAAAAAAAAABAAACFwAAAAdz\nc2gtcnNhAAAAAwEAAQAAAgEA42hB+NClp1LoIdKS3xN8p2cSrBSuihz7Vet8TrqI\nAereLfDvzriRmM+EpWEwE4uoOVYzjhZgbmriWSKKb5q2xMwl0O+y6ZkRtvZbbUsT\nF+C1XXVQBp3w49trD/f7EFZzsqJ3rvoWfeesQiYBCJWndGUfukD0+M2hfwdlQZLn\n3gxEOx4ItZbtdwF5+85ujhECXXbxIatMI4hehp6LZZZpzyQmhpDhTh09s7H0tNpV\neotTGhYgOX1DAHZBe9fUERcjQ2sCrUDZnK3DFotMxlgGcWI4CGk3OSZpOcDHpj+/\nxZtcz5svUVjMLp5ONg4DhFULpuhErEa8LyKe//4sELxkL+JkGi+Qmvm/WI3kQ5+1\nT8zVIr9Spp0r6f9tZxGXYf/wCpaqd/KypgVLvbVbDUiUYXxSxpo6JMIzAEiCLWB1\nZkhBn3wAnss1Q2Y6gspO916Cat5wZCjR1MCRvN4VjNoYbMjDwrR+rBwtZ6mSfltT\nUUbCzm6SmzSH4Op0nNgtrxukP4e/BQ5vTAFgvTuF34tCMsHunyV9OmjDJ6K7VIrw\nADi2jdR/PMFDrt+lcp8XirILDg8K0+cdH6bnJBXEUKzyIQtEhSxq/FQcupGVTOxC\nJA89JV6jq9XpMSOgZm4QGDEeAJ8lb5N5IP07AFJC19vw6gPTgPJBgs03ef9PLjBM\nR2sAAAc4cAdrs3AHa7MAAAAHc3NoLXJzYQAAAgEA42hB+NClp1LoIdKS3xN8p2cS\nrBSuihz7Vet8TrqIAereLfDvzriRmM+EpWEwE4uoOVYzjhZgbmriWSKKb5q2xMwl\n0O+y6ZkRtvZbbUsTF+C1XXVQBp3w49trD/f7EFZzsqJ3rvoWfeesQiYBCJWndGUf\nukD0+M2hfwdlQZLn3gxEOx4ItZbtdwF5+85ujhECXXbxIatMI4hehp6LZZZpzyQm\nhpDhTh09s7H0tNpVeotTGhYgOX1DAHZBe9fUERcjQ2sCrUDZnK3DFotMxlgGcWI4\nCGk3OSZpOcDHpj+/xZtcz5svUVjMLp5ONg4DhFULpuhErEa8LyKe//4sELxkL+Jk\nGi+Qmvm/WI3kQ5+1T8zVIr9Spp0r6f9tZxGXYf/wCpaqd/KypgVLvbVbDUiUYXxS\nxpo6JMIzAEiCLWB1ZkhBn3wAnss1Q2Y6gspO916Cat5wZCjR1MCRvN4VjNoYbMjD\nwrR+rBwtZ6mSfltTUUbCzm6SmzSH4Op0nNgtrxukP4e/BQ5vTAFgvTuF34tCMsHu\nnyV9OmjDJ6K7VIrwADi2jdR/PMFDrt+lcp8XirILDg8K0+cdH6bnJBXEUKzyIQtE\nhSxq/FQcupGVTOxCJA89JV6jq9XpMSOgZm4QGDEeAJ8lb5N5IP07AFJC19vw6gPT\ngPJBgs03ef9PLjBMR2sAAAADAQABAAACABOJsuwBtnnNxwvrikWIPb7UPZJzTxum\nqcwT/gt1k0HhlVKKeiVfTi28MT/+6Eva79/H5t4KUMwBJY6q8mHsVPpLio7iST4w\nsd5FBE3mPq8KgLVAOFlD20fNuOvCToZ00bPt/tfAZ4uhtUxpn3pxVoB1lRLs3x87\n65LSZoIKcR7EHF3ykqT8tqJG34ghkEtnGAuXsIKdXl6fKh/pdz3fJ8VtlwcbY4Am\nmv/ZW5Y+O/cvXpBwiOGSQDNwoD0CVMIIeYsioomSzMoyqP7thkce66Qfitjje/nO\nXF64kBlZ2Mwi27J/5BeFHZB+drxw2nSAKg7JCJK/RmPLrFrU0kxjIz2gdqa+dx4T\nio2aIfvS4Ux4yxAzeON+p/yMhlLOEhvNv3rrETEvdwdY2y/XO1Z7F+QPHQfvvXRc\nxwfFT3sJB7A/9LYNiuhvG07b23/Ndy68FfhXwzQBIrhL7qQUugcfKp4aD30I1q7y\n3zxOYYHfxhzbCtBITIg7iPaXQ0O3GbS0HPFOEwpLDJv8mVjQ3nOmiXDxzpE73H2s\no4AvhepQrwUefhacFeAUKYi4WePP5QGJE23uqkcSMA2VI/pfZMJBsx0lHDflWxfL\nrblhv+xCuXMSdjU/qTDjYcHRDT95Hu3zMlz/MEjC14+OFWih4E732CrpUk0iX6y6\nC0JtMncGzY2BAAABAQDOjGpp3OGD9Idk5rdEQm1BaPN2q6XcgkQMEJNsHZf2dglF\nG5BZXil1PgHtZnJl0v+a34gnN2nT+GDSdPRG5+UToZGap5qpsyOvpfKHkXwjlkIP\nDv4q+D/9mJC1nBYm7JJwdftpxqobhHqoP7id0s0srG+fYpUBZ6dOLqLB0CQiPfXm\nctpongEKNd7m1FsLlZk8ioEx2fUYdlajCUYeIh6mIgVZuQYc2s/kphirV6CnwYo4\nwLPBmB5d8vBKkbfLPrhGNnhO09gNz5J+CEsriQg6l9x6lhBJYwtDI0HHqqnd99c9\nkvcn7Gxz7FdYLBBcEIzJemOP35RIPAddCWTtQr6nAAABAQDmtcvmMeW/N0RV0WJL\n5NEXxBnov8AjijxlKn8+p3S0XZilzi1BD8/Cwgx6A14Q4Z6R8pMNgSZySLQyj8r7\nkWW+E3dnbFcCqd6JV41/cQHLbSsoCAP8x0xs0s9Sx7YYvGZU45L1E7FBTEmP5g8P\nsEzyGd6OfKhlomDcbUSkbgAI63wn0WbzaDCByslK5iji5qEmZ8k4PIxCKqCCHj0T\nDD5oZWxVS2Jvb7hcvPlTvnF+v/Cu1fCAiEEOYGS6K4cfEXe+T31vTwj3gUaBEZ5x\nE4Gs5EqTYjesH4ZM1qTPwcZukpc59sooOhtuuBE4GzAZC9r9pOMt+o1b0Y/qKw13\nVmjbAAABAQD8VcaBuRF+Rsyn4GppWCHc6lBBRt5faBBzg/tTaTQqv5O2PE2S5Ezm\nOBDH5eH3slChdeLUMQRk21wS8ygdWx+nehVOjJzskJQfw9CSv5RP4i/fWN4Qst70\nUSTMUINZEuuBn/hTZ7dQUrJs8bZYTprMdfxnSveYGhUrtX4qC6ZxZYcKnpzMVO1f\nNuV43wnIreo1SEIlIHtMrDEmwxPlESPzNa4onVMqK2XoFg2NJQVncZfa5IxEnQDK\nxTVqEGCCLRh34AKDr99psVmJZI1xpcsA/j2FMFV2mESQ3+tmPnqkhfJys/PmxqRO\nsemeQ76rO0HBoDqAGmIOpeh8Vk+0z9ixAAAAAAEC\n-----END OPENSSH PRIVATE KEY-----\n",
            "private_key_pem": "-----BEGIN RSA PRIVATE KEY-----\nMIIJKQIBAAKCAgEA42hB+NClp1LoIdKS3xN8p2cSrBSuihz7Vet8TrqIAereLfDv\nzriRmM+EpWEwE4uoOVYzjhZgbmriWSKKb5q2xMwl0O+y6ZkRtvZbbUsTF+C1XXVQ\nBp3w49trD/f7EFZzsqJ3rvoWfeesQiYBCJWndGUfukD0+M2hfwdlQZLn3gxEOx4I\ntZbtdwF5+85ujhECXXbxIatMI4hehp6LZZZpzyQmhpDhTh09s7H0tNpVeotTGhYg\nOX1DAHZBe9fUERcjQ2sCrUDZnK3DFotMxlgGcWI4CGk3OSZpOcDHpj+/xZtcz5sv\nUVjMLp5ONg4DhFULpuhErEa8LyKe//4sELxkL+JkGi+Qmvm/WI3kQ5+1T8zVIr9S\npp0r6f9tZxGXYf/wCpaqd/KypgVLvbVbDUiUYXxSxpo6JMIzAEiCLWB1ZkhBn3wA\nnss1Q2Y6gspO916Cat5wZCjR1MCRvN4VjNoYbMjDwrR+rBwtZ6mSfltTUUbCzm6S\nmzSH4Op0nNgtrxukP4e/BQ5vTAFgvTuF34tCMsHunyV9OmjDJ6K7VIrwADi2jdR/\nPMFDrt+lcp8XirILDg8K0+cdH6bnJBXEUKzyIQtEhSxq/FQcupGVTOxCJA89JV6j\nq9XpMSOgZm4QGDEeAJ8lb5N5IP07AFJC19vw6gPTgPJBgs03ef9PLjBMR2sCAwEA\nAQKCAgATibLsAbZ5zccL64pFiD2+1D2Sc08bpqnME/4LdZNB4ZVSinolX04tvDE/\n/uhL2u/fx+beClDMASWOqvJh7FT6S4qO4kk+MLHeRQRN5j6vCoC1QDhZQ9tHzbjr\nwk6GdNGz7f7XwGeLobVMaZ96cVaAdZUS7N8fO+uS0maCCnEexBxd8pKk/LaiRt+I\nIZBLZxgLl7CCnV5enyof6Xc93yfFbZcHG2OAJpr/2VuWPjv3L16QcIjhkkAzcKA9\nAlTCCHmLIqKJkszKMqj+7YZHHuukH4rY43v5zlxeuJAZWdjMItuyf+QXhR2Qfna8\ncNp0gCoOyQiSv0Zjy6xa1NJMYyM9oHamvnceE4qNmiH70uFMeMsQM3jjfqf8jIZS\nzhIbzb966xExL3cHWNsv1ztWexfkDx0H7710XMcHxU97CQewP/S2DYrobxtO29t/\nzXcuvBX4V8M0ASK4S+6kFLoHHyqeGg99CNau8t88TmGB38Yc2wrQSEyIO4j2l0ND\ntxm0tBzxThMKSwyb/JlY0N5zpolw8c6RO9x9rKOAL4XqUK8FHn4WnBXgFCmIuFnj\nz+UBiRNt7qpHEjANlSP6X2TCQbMdJRw35VsXy625Yb/sQrlzEnY1P6kw42HB0Q0/\neR7t8zJc/zBIwtePjhVooeBO99gq6VJNIl+sugtCbTJ3Bs2NgQKCAQEA5rXL5jHl\nvzdEVdFiS+TRF8QZ6L/AI4o8ZSp/Pqd0tF2Ypc4tQQ/PwsIMegNeEOGekfKTDYEm\ncki0Mo/K+5FlvhN3Z2xXAqneiVeNf3EBy20rKAgD/MdMbNLPUse2GLxmVOOS9ROx\nQUxJj+YPD7BM8hnejnyoZaJg3G1EpG4ACOt8J9Fm82gwgcrJSuYo4uahJmfJODyM\nQiqggh49Eww+aGVsVUtib2+4XLz5U75xfr/wrtXwgIhBDmBkuiuHHxF3vk99b08I\n94FGgRGecROBrORKk2I3rB+GTNakz8HGbpKXOfbKKDobbrgROBswGQva/aTjLfqN\nW9GP6isNd1Zo2wKCAQEA/FXGgbkRfkbMp+BqaVgh3OpQQUbeX2gQc4P7U2k0Kr+T\ntjxNkuRM5jgQx+Xh97JQoXXi1DEEZNtcEvMoHVsfp3oVToyc7JCUH8PQkr+UT+Iv\n31jeELLe9FEkzFCDWRLrgZ/4U2e3UFKybPG2WE6azHX8Z0r3mBoVK7V+KgumcWWH\nCp6czFTtXzbleN8JyK3qNUhCJSB7TKwxJsMT5REj8zWuKJ1TKitl6BYNjSUFZ3GX\n2uSMRJ0AysU1ahBggi0Yd+ACg6/fabFZiWSNcaXLAP49hTBVdphEkN/rZj56pIXy\ncrPz5sakTrHpnkO+qztBwaA6gBpiDqXofFZPtM/YsQKCAQA9naoCJatlYT5H6S7m\ndAr/3OjKh4OqOj4dCreHJTP/A8xD5AekC7QCIM8yOvoBajBubCmn/qkk9pPhuROO\nEmvo0swd/ApU9McxSQfKVIUVLmfLPjDKbvPTUI38XsgcXRy7aTgTahn6BYTUAK5f\nE0fJlO0igtp6ol5aIHinrZUmzLWQ8NUdBuOFloIiFcwvpUa+uhM8iLcw6K+LcMYA\n81ErkoLXWNXGS0Eiy3mPSxqGrn56QzsDKOCvFUFxkzR4MLMZSaOHecU8TPNmfy0g\nqAQHB8V/DUkvGBBHL0A/GFKFr3LiES42hiZTcKdwo5o55jerbEEcQ4FDV3mnIa5s\nA9DnAoIBAQDCT78sN/qLljOU9xCajJ6PAvTIP62QJI++lJzd736XiK1TwP4vppS9\nF+F8Pb8TwgGrRB9nLVPn4q/1e7+hU4F9s1pjAY758J/QEjc0OkkYduJMiJ+Alm1w\nEGhY2Ys79YDbcfeFKrIULYpusHetauJznku+sxEU1MkGvp0n/Y6vdfJWsCuogaHF\nF33/5SkgmyRm4XzmICwyr8qtwb05QUjAyc6SQgw/xemUnh7TWPXfYa8BhcuqLojk\nnJZ0VaYruFRGQ39MLwvI1SRQ09jD8lrwKdfwD3dQexMZyQT52BUTSn6X65FfXgo6\n+3AeSqayL1CErUE/UpG+G+56iPCaGRARAoIBAQDOjGpp3OGD9Idk5rdEQm1BaPN2\nq6XcgkQMEJNsHZf2dglFG5BZXil1PgHtZnJl0v+a34gnN2nT+GDSdPRG5+UToZGa\np5qpsyOvpfKHkXwjlkIPDv4q+D/9mJC1nBYm7JJwdftpxqobhHqoP7id0s0srG+f\nYpUBZ6dOLqLB0CQiPfXmctpongEKNd7m1FsLlZk8ioEx2fUYdlajCUYeIh6mIgVZ\nuQYc2s/kphirV6CnwYo4wLPBmB5d8vBKkbfLPrhGNnhO09gNz5J+CEsriQg6l9x6\nlhBJYwtDI0HHqqnd99c9kvcn7Gxz7FdYLBBcEIzJemOP35RIPAddCWTtQr6n\n-----END RSA PRIVATE KEY-----\n",
            "private_key_pem_pkcs8": "-----BEGIN PRIVATE KEY-----\nMIIJQwIBADANBgkqhkiG9w0BAQEFAASCCS0wggkpAgEAAoICAQDjaEH40KWnUugh\n0pLfE3ynZxKsFK6KHPtV63xOuogB6t4t8O/OuJGYz4SlYTATi6g5VjOOFmBuauJZ\nIopvmrbEzCXQ77LpmRG29lttSxMX4LVddVAGnfDj22sP9/sQVnOyoneu+hZ956xC\nJgEIlad0ZR+6QPT4zaF/B2VBkufeDEQ7Hgi1lu13AXn7zm6OEQJddvEhq0wjiF6G\nnotllmnPJCaGkOFOHT2zsfS02lV6i1MaFiA5fUMAdkF719QRFyNDawKtQNmcrcMW\ni0zGWAZxYjgIaTc5Jmk5wMemP7/Fm1zPmy9RWMwunk42DgOEVQum6ESsRrwvIp7/\n/iwQvGQv4mQaL5Ca+b9YjeRDn7VPzNUiv1KmnSvp/21nEZdh//AKlqp38rKmBUu9\ntVsNSJRhfFLGmjokwjMASIItYHVmSEGffACeyzVDZjqCyk73XoJq3nBkKNHUwJG8\n3hWM2hhsyMPCtH6sHC1nqZJ+W1NRRsLObpKbNIfg6nSc2C2vG6Q/h78FDm9MAWC9\nO4Xfi0Iywe6fJX06aMMnortUivAAOLaN1H88wUOu36VynxeKsgsODwrT5x0fpuck\nFcRQrPIhC0SFLGr8VBy6kZVM7EIkDz0lXqOr1ekxI6BmbhAYMR4AnyVvk3kg/TsA\nUkLX2/DqA9OA8kGCzTd5/08uMExHawIDAQABAoICABOJsuwBtnnNxwvrikWIPb7U\nPZJzTxumqcwT/gt1k0HhlVKKeiVfTi28MT/+6Eva79/H5t4KUMwBJY6q8mHsVPpL\nio7iST4wsd5FBE3mPq8KgLVAOFlD20fNuOvCToZ00bPt/tfAZ4uhtUxpn3pxVoB1\nlRLs3x8765LSZoIKcR7EHF3ykqT8tqJG34ghkEtnGAuXsIKdXl6fKh/pdz3fJ8Vt\nlwcbY4Ammv/ZW5Y+O/cvXpBwiOGSQDNwoD0CVMIIeYsioomSzMoyqP7thkce66Qf\nitjje/nOXF64kBlZ2Mwi27J/5BeFHZB+drxw2nSAKg7JCJK/RmPLrFrU0kxjIz2g\ndqa+dx4Tio2aIfvS4Ux4yxAzeON+p/yMhlLOEhvNv3rrETEvdwdY2y/XO1Z7F+QP\nHQfvvXRcxwfFT3sJB7A/9LYNiuhvG07b23/Ndy68FfhXwzQBIrhL7qQUugcfKp4a\nD30I1q7y3zxOYYHfxhzbCtBITIg7iPaXQ0O3GbS0HPFOEwpLDJv8mVjQ3nOmiXDx\nzpE73H2so4AvhepQrwUefhacFeAUKYi4WePP5QGJE23uqkcSMA2VI/pfZMJBsx0l\nHDflWxfLrblhv+xCuXMSdjU/qTDjYcHRDT95Hu3zMlz/MEjC14+OFWih4E732Crp\nUk0iX6y6C0JtMncGzY2BAoIBAQDmtcvmMeW/N0RV0WJL5NEXxBnov8AjijxlKn8+\np3S0XZilzi1BD8/Cwgx6A14Q4Z6R8pMNgSZySLQyj8r7kWW+E3dnbFcCqd6JV41/\ncQHLbSsoCAP8x0xs0s9Sx7YYvGZU45L1E7FBTEmP5g8PsEzyGd6OfKhlomDcbUSk\nbgAI63wn0WbzaDCByslK5iji5qEmZ8k4PIxCKqCCHj0TDD5oZWxVS2Jvb7hcvPlT\nvnF+v/Cu1fCAiEEOYGS6K4cfEXe+T31vTwj3gUaBEZ5xE4Gs5EqTYjesH4ZM1qTP\nwcZukpc59sooOhtuuBE4GzAZC9r9pOMt+o1b0Y/qKw13VmjbAoIBAQD8VcaBuRF+\nRsyn4GppWCHc6lBBRt5faBBzg/tTaTQqv5O2PE2S5EzmOBDH5eH3slChdeLUMQRk\n21wS8ygdWx+nehVOjJzskJQfw9CSv5RP4i/fWN4Qst70USTMUINZEuuBn/hTZ7dQ\nUrJs8bZYTprMdfxnSveYGhUrtX4qC6ZxZYcKnpzMVO1fNuV43wnIreo1SEIlIHtM\nrDEmwxPlESPzNa4onVMqK2XoFg2NJQVncZfa5IxEnQDKxTVqEGCCLRh34AKDr99p\nsVmJZI1xpcsA/j2FMFV2mESQ3+tmPnqkhfJys/PmxqROsemeQ76rO0HBoDqAGmIO\npeh8Vk+0z9ixAoIBAD2dqgIlq2VhPkfpLuZ0Cv/c6MqHg6o6Ph0Kt4clM/8DzEPk\nB6QLtAIgzzI6+gFqMG5sKaf+qST2k+G5E44Sa+jSzB38ClT0xzFJB8pUhRUuZ8s+\nMMpu89NQjfxeyBxdHLtpOBNqGfoFhNQArl8TR8mU7SKC2nqiXlogeKetlSbMtZDw\n1R0G44WWgiIVzC+lRr66EzyItzDor4twxgDzUSuSgtdY1cZLQSLLeY9LGoaufnpD\nOwMo4K8VQXGTNHgwsxlJo4d5xTxM82Z/LSCoBAcHxX8NSS8YEEcvQD8YUoWvcuIR\nLjaGJlNwp3CjmjnmN6tsQRxDgUNXeachrmwD0OcCggEBAMJPvyw3+ouWM5T3EJqM\nno8C9Mg/rZAkj76UnN3vfpeIrVPA/i+mlL0X4Xw9vxPCAatEH2ctU+fir/V7v6FT\ngX2zWmMBjvnwn9ASNzQ6SRh24kyIn4CWbXAQaFjZizv1gNtx94UqshQtim6wd61q\n4nOeS76zERTUyQa+nSf9jq918lawK6iBocUXff/lKSCbJGbhfOYgLDKvyq3BvTlB\nSMDJzpJCDD/F6ZSeHtNY9d9hrwGFy6ouiOSclnRVpiu4VEZDf0wvC8jVJFDT2MPy\nWvAp1/APd1B7ExnJBPnYFRNKfpfrkV9eCjr7cB5KprIvUIStQT9Skb4b7nqI8JoZ\nEBECggEBAM6Mamnc4YP0h2Tmt0RCbUFo83arpdyCRAwQk2wdl/Z2CUUbkFleKXU+\nAe1mcmXS/5rfiCc3adP4YNJ09Ebn5ROhkZqnmqmzI6+l8oeRfCOWQg8O/ir4P/2Y\nkLWcFibsknB1+2nGqhuEeqg/uJ3SzSysb59ilQFnp04uosHQJCI99eZy2mieAQo1\n3ubUWwuVmTyKgTHZ9Rh2VqMJRh4iHqYiBVm5Bhzaz+SmGKtXoKfBijjAs8GYHl3y\n8EqRt8s+uEY2eE7T2A3Pkn4ISyuJCDqX3HqWEEljC0MjQceqqd331z2S9yfsbHPs\nV1gsEFwQjMl6Y4/flEg8B10JZO1Cvqc=\n-----END PRIVATE KEY-----\n",
            "public_key_fingerprint_md5": "c2:1b:b0:c5:3d:c1:a6:82:be:98:1b:a8:cf:78:13:93",
            "public_key_fingerprint_sha256": "SHA256:MTzdgh+BMT15CNyPnHGRcX4ex+X4G5ExFiRb/vN8xGM",
            "public_key_openssh": "ssh-rsa AAAAB3NzaC1yc2EAAAADAQABAAACAQDjaEH40KWnUugh0pLfE3ynZxKsFK6KHPtV63xOuogB6t4t8O/OuJGYz4SlYTATi6g5VjOOFmBuauJZIopvmrbEzCXQ77LpmRG29lttSxMX4LVddVAGnfDj22sP9/sQVnOyoneu+hZ956xCJgEIlad0ZR+6QPT4zaF/B2VBkufeDEQ7Hgi1lu13AXn7zm6OEQJddvEhq0wjiF6GnotllmnPJCaGkOFOHT2zsfS02lV6i1MaFiA5fUMAdkF719QRFyNDawKtQNmcrcMWi0zGWAZxYjgIaTc5Jmk5wMemP7/Fm1zPmy9RWMwunk42DgOEVQum6ESsRrwvIp7//iwQvGQv4mQaL5Ca+b9YjeRDn7VPzNUiv1KmnSvp/21nEZdh//AKlqp38rKmBUu9tVsNSJRhfFLGmjokwjMASIItYHVmSEGffACeyzVDZjqCyk73XoJq3nBkKNHUwJG83hWM2hhsyMPCtH6sHC1nqZJ+W1NRRsLObpKbNIfg6nSc2C2vG6Q/h78FDm9MAWC9O4Xfi0Iywe6fJX06aMMnortUivAAOLaN1H88wUOu36VynxeKsgsODwrT5x0fpuckFcRQrPIhC0SFLGr8VBy6kZVM7EIkDz0lXqOr1ekxI6BmbhAYMR4AnyVvk3kg/TsAUkLX2/DqA9OA8kGCzTd5/08uMExHaw==\n",
            "public_key_pem": "-----BEGIN PUBLIC KEY-----\nMIICIjANBgkqhkiG9w0BAQEFAAOCAg8AMIICCgKCAgEA42hB+NClp1LoIdKS3xN8\np2cSrBSuihz7Vet8TrqIAereLfDvzriRmM+EpWEwE4uoOVYzjhZgbmriWSKKb5q2\nxMwl0O+y6ZkRtvZbbUsTF+C1XXVQBp3w49trD/f7EFZzsqJ3rvoWfeesQiYBCJWn\ndGUfukD0+M2hfwdlQZLn3gxEOx4ItZbtdwF5+85ujhECXXbxIatMI4hehp6LZZZp\nzyQmhpDhTh09s7H0tNpVeotTGhYgOX1DAHZBe9fUERcjQ2sCrUDZnK3DFotMxlgG\ncWI4CGk3OSZpOcDHpj+/xZtcz5svUVjMLp5ONg4DhFULpuhErEa8LyKe//4sELxk\nL+JkGi+Qmvm/WI3kQ5+1T8zVIr9Spp0r6f9tZxGXYf/wCpaqd/KypgVLvbVbDUiU\nYXxSxpo6JMIzAEiCLWB1ZkhBn3wAnss1Q2Y6gspO916Cat5wZCjR1MCRvN4VjNoY\nbMjDwrR+rBwtZ6mSfltTUUbCzm6SmzSH4Op0nNgtrxukP4e/BQ5vTAFgvTuF34tC\nMsHunyV9OmjDJ6K7VIrwADi2jdR/PMFDrt+lcp8XirILDg8K0+cdH6bnJBXEUKzy\nIQtEhSxq/FQcupGVTOxCJA89JV6jq9XpMSOgZm4QGDEeAJ8lb5N5IP07AFJC19vw\n6gPTgPJBgs03ef9PLjBMR2sCAwEAAQ==\n-----END PUBLIC KEY-----\n",
            "rsa_bits": 4096
          },
          "sensitive_attributes": [
            [
              {
                "type": "get_attr",
                "value": "private_key_openssh"
              }
            ],
            [
              {
                "type": "get_attr",
                "value": "private_key_pem_pkcs8"
              }
            ],
            [
              {
                "type": "get_attr",
                "value": "private_key_pem"
              }
            ]
          ]
        }
      ]
    }
  ],
  "check_results": null
}
